// !$*UTF8*$!
{
	archiveVersion = 1;
	classes = {
	};
	objectVersion = 46;
	objects = {

/* Begin PBXBuildFile section */
		B055CF2D1D37535800B05663 /* RootPage.storyboard in Resources */ = {isa = PBXBuildFile; fileRef = B055CF2C1D37535800B05663 /* RootPage.storyboard */; };
		B055CF351D37740200B05663 /* BannerPage.storyboard in Resources */ = {isa = PBXBuildFile; fileRef = B055CF341D37740200B05663 /* BannerPage.storyboard */; };
		B055CF371D37742400B05663 /* RectanglePage.storyboard in Resources */ = {isa = PBXBuildFile; fileRef = B055CF361D37742400B05663 /* RectanglePage.storyboard */; };
		B055CF391D37743400B05663 /* InterstitialPage.storyboard in Resources */ = {isa = PBXBuildFile; fileRef = B055CF381D37743400B05663 /* InterstitialPage.storyboard */; };
		B055CF3B1D37A26900B05663 /* LogTextView.swift in Sources */ = {isa = PBXBuildFile; fileRef = B055CF3A1D37A26900B05663 /* LogTextView.swift */; };
		B0659DE51D2A01A800E9618F /* RectanglePageViewController.swift in Sources */ = {isa = PBXBuildFile; fileRef = B0659DE41D2A01A800E9618F /* RectanglePageViewController.swift */; };
		B0659DE71D2A01F900E9618F /* InterstitialPageViewController.swift in Sources */ = {isa = PBXBuildFile; fileRef = B0659DE61D2A01F900E9618F /* InterstitialPageViewController.swift */; };
		B0659DF11D2A0E0300E9618F /* SystemConfiguration.framework in Frameworks */ = {isa = PBXBuildFile; fileRef = B0659DF01D2A0E0300E9618F /* SystemConfiguration.framework */; };
		B0659DF31D2A0E0D00E9618F /* CoreTelephony.framework in Frameworks */ = {isa = PBXBuildFile; fileRef = B0659DF21D2A0E0D00E9618F /* CoreTelephony.framework */; };
		B0659DF51D2A0E9300E9618F /* MediaPlayer.framework in Frameworks */ = {isa = PBXBuildFile; fileRef = B0659DF41D2A0E9300E9618F /* MediaPlayer.framework */; };
		B0659DF71D2A0E9C00E9618F /* Security.framework in Frameworks */ = {isa = PBXBuildFile; fileRef = B0659DF61D2A0E9C00E9618F /* Security.framework */; };
		B0659DF91D2A0EA600E9618F /* QuartzCore.framework in Frameworks */ = {isa = PBXBuildFile; fileRef = B0659DF81D2A0EA600E9618F /* QuartzCore.framework */; };
		B0659DFB1D2A0EAF00E9618F /* AdSupport.framework in Frameworks */ = {isa = PBXBuildFile; fileRef = B0659DFA1D2A0EAF00E9618F /* AdSupport.framework */; settings = {ATTRIBUTES = (Weak, ); }; };
		B0659DFD1D2A0EB700E9618F /* CoreGraphics.framework in Frameworks */ = {isa = PBXBuildFile; fileRef = B0659DFC1D2A0EB700E9618F /* CoreGraphics.framework */; };
		B0D014521E3EE215001CF65B /* ADG.framework in Frameworks */ = {isa = PBXBuildFile; fileRef = B0D014511E3EE215001CF65B /* ADG.framework */; };
		B0DDB3631D2B95B3001282D6 /* Log.swift in Sources */ = {isa = PBXBuildFile; fileRef = B0659E0F1D2A649100E9618F /* Log.swift */; };
		B0DDB37A1D2BA342001282D6 /* ADG-Resources.bundle in Resources */ = {isa = PBXBuildFile; fileRef = B0DDB3791D2BA342001282D6 /* ADG-Resources.bundle */; };
		B0EC6C471D2515470051967D /* AppDelegate.swift in Sources */ = {isa = PBXBuildFile; fileRef = B0EC6C461D2515470051967D /* AppDelegate.swift */; };
		B0EC6C4C1D2515470051967D /* Main.storyboard in Resources */ = {isa = PBXBuildFile; fileRef = B0EC6C4A1D2515470051967D /* Main.storyboard */; };
		B0EC6C4E1D2515470051967D /* Assets.xcassets in Resources */ = {isa = PBXBuildFile; fileRef = B0EC6C4D1D2515470051967D /* Assets.xcassets */; };
		B0EC6C511D2515470051967D /* LaunchScreen.storyboard in Resources */ = {isa = PBXBuildFile; fileRef = B0EC6C4F1D2515470051967D /* LaunchScreen.storyboard */; };
		B0EC6C5C1D2515470051967D /* ADGSampleForSwiftTests.swift in Sources */ = {isa = PBXBuildFile; fileRef = B0EC6C5B1D2515470051967D /* ADGSampleForSwiftTests.swift */; };
		B0EC6C671D2515470051967D /* ADGSampleForSwiftUITests.swift in Sources */ = {isa = PBXBuildFile; fileRef = B0EC6C661D2515470051967D /* ADGSampleForSwiftUITests.swift */; };
		B0EC6C7B1D2522190051967D /* BannerPageViewController.swift in Sources */ = {isa = PBXBuildFile; fileRef = B0EC6C7A1D2522190051967D /* BannerPageViewController.swift */; };
/* End PBXBuildFile section */

/* Begin PBXContainerItemProxy section */
		B0EC6C581D2515470051967D /* PBXContainerItemProxy */ = {
			isa = PBXContainerItemProxy;
			containerPortal = B0EC6C3B1D2515470051967D /* Project object */;
			proxyType = 1;
			remoteGlobalIDString = B0EC6C421D2515470051967D;
			remoteInfo = ADGSampleForSwift;
		};
		B0EC6C631D2515470051967D /* PBXContainerItemProxy */ = {
			isa = PBXContainerItemProxy;
			containerPortal = B0EC6C3B1D2515470051967D /* Project object */;
			proxyType = 1;
			remoteGlobalIDString = B0EC6C421D2515470051967D;
			remoteInfo = ADGSampleForSwift;
		};
/* End PBXContainerItemProxy section */

/* Begin PBXFileReference section */
		B055CF2C1D37535800B05663 /* RootPage.storyboard */ = {isa = PBXFileReference; fileEncoding = 4; lastKnownFileType = file.storyboard; path = RootPage.storyboard; sourceTree = "<group>"; };
		B055CF341D37740200B05663 /* BannerPage.storyboard */ = {isa = PBXFileReference; fileEncoding = 4; lastKnownFileType = file.storyboard; path = BannerPage.storyboard; sourceTree = "<group>"; };
		B055CF361D37742400B05663 /* RectanglePage.storyboard */ = {isa = PBXFileReference; fileEncoding = 4; lastKnownFileType = file.storyboard; path = RectanglePage.storyboard; sourceTree = "<group>"; };
		B055CF381D37743400B05663 /* InterstitialPage.storyboard */ = {isa = PBXFileReference; fileEncoding = 4; lastKnownFileType = file.storyboard; path = InterstitialPage.storyboard; sourceTree = "<group>"; };
		B055CF3A1D37A26900B05663 /* LogTextView.swift */ = {isa = PBXFileReference; fileEncoding = 4; lastKnownFileType = sourcecode.swift; path = LogTextView.swift; sourceTree = "<group>"; };
		B0659DE41D2A01A800E9618F /* RectanglePageViewController.swift */ = {isa = PBXFileReference; fileEncoding = 4; lastKnownFileType = sourcecode.swift; path = RectanglePageViewController.swift; sourceTree = "<group>"; };
		B0659DE61D2A01F900E9618F /* InterstitialPageViewController.swift */ = {isa = PBXFileReference; fileEncoding = 4; lastKnownFileType = sourcecode.swift; path = InterstitialPageViewController.swift; sourceTree = "<group>"; };
		B0659DF01D2A0E0300E9618F /* SystemConfiguration.framework */ = {isa = PBXFileReference; lastKnownFileType = wrapper.framework; name = SystemConfiguration.framework; path = System/Library/Frameworks/SystemConfiguration.framework; sourceTree = SDKROOT; };
		B0659DF21D2A0E0D00E9618F /* CoreTelephony.framework */ = {isa = PBXFileReference; lastKnownFileType = wrapper.framework; name = CoreTelephony.framework; path = System/Library/Frameworks/CoreTelephony.framework; sourceTree = SDKROOT; };
		B0659DF41D2A0E9300E9618F /* MediaPlayer.framework */ = {isa = PBXFileReference; lastKnownFileType = wrapper.framework; name = MediaPlayer.framework; path = System/Library/Frameworks/MediaPlayer.framework; sourceTree = SDKROOT; };
		B0659DF61D2A0E9C00E9618F /* Security.framework */ = {isa = PBXFileReference; lastKnownFileType = wrapper.framework; name = Security.framework; path = System/Library/Frameworks/Security.framework; sourceTree = SDKROOT; };
		B0659DF81D2A0EA600E9618F /* QuartzCore.framework */ = {isa = PBXFileReference; lastKnownFileType = wrapper.framework; name = QuartzCore.framework; path = System/Library/Frameworks/QuartzCore.framework; sourceTree = SDKROOT; };
		B0659DFA1D2A0EAF00E9618F /* AdSupport.framework */ = {isa = PBXFileReference; lastKnownFileType = wrapper.framework; name = AdSupport.framework; path = System/Library/Frameworks/AdSupport.framework; sourceTree = SDKROOT; };
		B0659DFC1D2A0EB700E9618F /* CoreGraphics.framework */ = {isa = PBXFileReference; lastKnownFileType = wrapper.framework; name = CoreGraphics.framework; path = System/Library/Frameworks/CoreGraphics.framework; sourceTree = SDKROOT; };
		B0659DFE1D2A0EF400E9618F /* ADGSampleForSwift-Binding-Header.h */ = {isa = PBXFileReference; lastKnownFileType = sourcecode.c.h; path = "ADGSampleForSwift-Binding-Header.h"; sourceTree = "<group>"; };
		B0659E0F1D2A649100E9618F /* Log.swift */ = {isa = PBXFileReference; fileEncoding = 4; lastKnownFileType = sourcecode.swift; path = Log.swift; sourceTree = "<group>"; };
		B0D014511E3EE215001CF65B /* ADG.framework */ = {isa = PBXFileReference; lastKnownFileType = wrapper.framework; path = ADG.framework; sourceTree = "<group>"; };
		B0DDB3791D2BA342001282D6 /* ADG-Resources.bundle */ = {isa = PBXFileReference; lastKnownFileType = "wrapper.plug-in"; path = "ADG-Resources.bundle"; sourceTree = "<group>"; };
		B0EC6C431D2515470051967D /* ADGSampleForSwift.app */ = {isa = PBXFileReference; explicitFileType = wrapper.application; includeInIndex = 0; path = ADGSampleForSwift.app; sourceTree = BUILT_PRODUCTS_DIR; };
		B0EC6C461D2515470051967D /* AppDelegate.swift */ = {isa = PBXFileReference; lastKnownFileType = sourcecode.swift; path = AppDelegate.swift; sourceTree = "<group>"; };
		B0EC6C4B1D2515470051967D /* Base */ = {isa = PBXFileReference; lastKnownFileType = file.storyboard; name = Base; path = Base.lproj/Main.storyboard; sourceTree = "<group>"; };
		B0EC6C4D1D2515470051967D /* Assets.xcassets */ = {isa = PBXFileReference; lastKnownFileType = folder.assetcatalog; path = Assets.xcassets; sourceTree = "<group>"; };
		B0EC6C501D2515470051967D /* Base */ = {isa = PBXFileReference; lastKnownFileType = file.storyboard; name = Base; path = Base.lproj/LaunchScreen.storyboard; sourceTree = "<group>"; };
		B0EC6C521D2515470051967D /* Info.plist */ = {isa = PBXFileReference; lastKnownFileType = text.plist.xml; path = Info.plist; sourceTree = "<group>"; };
		B0EC6C571D2515470051967D /* ADGSampleForSwiftTests.xctest */ = {isa = PBXFileReference; explicitFileType = wrapper.cfbundle; includeInIndex = 0; path = ADGSampleForSwiftTests.xctest; sourceTree = BUILT_PRODUCTS_DIR; };
		B0EC6C5B1D2515470051967D /* ADGSampleForSwiftTests.swift */ = {isa = PBXFileReference; lastKnownFileType = sourcecode.swift; path = ADGSampleForSwiftTests.swift; sourceTree = "<group>"; };
		B0EC6C5D1D2515470051967D /* Info.plist */ = {isa = PBXFileReference; lastKnownFileType = text.plist.xml; path = Info.plist; sourceTree = "<group>"; };
		B0EC6C621D2515470051967D /* ADGSampleForSwiftUITests.xctest */ = {isa = PBXFileReference; explicitFileType = wrapper.cfbundle; includeInIndex = 0; path = ADGSampleForSwiftUITests.xctest; sourceTree = BUILT_PRODUCTS_DIR; };
		B0EC6C661D2515470051967D /* ADGSampleForSwiftUITests.swift */ = {isa = PBXFileReference; lastKnownFileType = sourcecode.swift; path = ADGSampleForSwiftUITests.swift; sourceTree = "<group>"; };
		B0EC6C681D2515470051967D /* Info.plist */ = {isa = PBXFileReference; lastKnownFileType = text.plist.xml; path = Info.plist; sourceTree = "<group>"; };
		B0EC6C7A1D2522190051967D /* BannerPageViewController.swift */ = {isa = PBXFileReference; fileEncoding = 4; lastKnownFileType = sourcecode.swift; path = BannerPageViewController.swift; sourceTree = "<group>"; };
/* End PBXFileReference section */

/* Begin PBXFrameworksBuildPhase section */
		B0EC6C401D2515470051967D /* Frameworks */ = {
			isa = PBXFrameworksBuildPhase;
			buildActionMask = 2147483647;
			files = (
				B0659DFD1D2A0EB700E9618F /* CoreGraphics.framework in Frameworks */,
				B0659DFB1D2A0EAF00E9618F /* AdSupport.framework in Frameworks */,
				B0659DF91D2A0EA600E9618F /* QuartzCore.framework in Frameworks */,
				B0659DF71D2A0E9C00E9618F /* Security.framework in Frameworks */,
				B0659DF51D2A0E9300E9618F /* MediaPlayer.framework in Frameworks */,
				B0659DF31D2A0E0D00E9618F /* CoreTelephony.framework in Frameworks */,
				B0D014521E3EE215001CF65B /* ADG.framework in Frameworks */,
				B0659DF11D2A0E0300E9618F /* SystemConfiguration.framework in Frameworks */,
			);
			runOnlyForDeploymentPostprocessing = 0;
		};
		B0EC6C541D2515470051967D /* Frameworks */ = {
			isa = PBXFrameworksBuildPhase;
			buildActionMask = 2147483647;
			files = (
			);
			runOnlyForDeploymentPostprocessing = 0;
		};
		B0EC6C5F1D2515470051967D /* Frameworks */ = {
			isa = PBXFrameworksBuildPhase;
			buildActionMask = 2147483647;
			files = (
			);
			runOnlyForDeploymentPostprocessing = 0;
		};
/* End PBXFrameworksBuildPhase section */

/* Begin PBXGroup section */
		B055CF2B1D37526F00B05663 /* Storyboards */ = {
			isa = PBXGroup;
			children = (
				B055CF2C1D37535800B05663 /* RootPage.storyboard */,
				B055CF341D37740200B05663 /* BannerPage.storyboard */,
				B055CF361D37742400B05663 /* RectanglePage.storyboard */,
				B055CF381D37743400B05663 /* InterstitialPage.storyboard */,
			);
			path = Storyboards;
			sourceTree = "<group>";
		};
		B0EC6C3A1D2515470051967D = {
			isa = PBXGroup;
			children = (
				B0EC6C451D2515470051967D /* ADGSampleForSwift */,
				B0EC6C5A1D2515470051967D /* ADGSampleForSwiftTests */,
				B0EC6C651D2515470051967D /* ADGSampleForSwiftUITests */,
				B0EC6C441D2515470051967D /* Products */,
				B0EC6C781D2517C20051967D /* Frameworks */,
			);
			sourceTree = "<group>";
		};
		B0EC6C441D2515470051967D /* Products */ = {
			isa = PBXGroup;
			children = (
				B0EC6C431D2515470051967D /* ADGSampleForSwift.app */,
				B0EC6C571D2515470051967D /* ADGSampleForSwiftTests.xctest */,
				B0EC6C621D2515470051967D /* ADGSampleForSwiftUITests.xctest */,
			);
			name = Products;
			sourceTree = "<group>";
		};
		B0EC6C451D2515470051967D /* ADGSampleForSwift */ = {
			isa = PBXGroup;
			children = (
				B055CF2B1D37526F00B05663 /* Storyboards */,
				B0EC6C751D2517080051967D /* Controllers */,
				B0EC6C791D2521CC0051967D /* Views */,
				B0EC6C761D2517190051967D /* Utils */,
				B0EC6C771D2517670051967D /* Resources */,
				B0EC6C461D2515470051967D /* AppDelegate.swift */,
				B0659DFE1D2A0EF400E9618F /* ADGSampleForSwift-Binding-Header.h */,
				B0EC6C4A1D2515470051967D /* Main.storyboard */,
				B0EC6C4F1D2515470051967D /* LaunchScreen.storyboard */,
				B0EC6C521D2515470051967D /* Info.plist */,
			);
			path = ADGSampleForSwift;
			sourceTree = "<group>";
		};
		B0EC6C5A1D2515470051967D /* ADGSampleForSwiftTests */ = {
			isa = PBXGroup;
			children = (
				B0EC6C5B1D2515470051967D /* ADGSampleForSwiftTests.swift */,
				B0EC6C5D1D2515470051967D /* Info.plist */,
			);
			path = ADGSampleForSwiftTests;
			sourceTree = "<group>";
		};
		B0EC6C651D2515470051967D /* ADGSampleForSwiftUITests */ = {
			isa = PBXGroup;
			children = (
				B0EC6C661D2515470051967D /* ADGSampleForSwiftUITests.swift */,
				B0EC6C681D2515470051967D /* Info.plist */,
			);
			path = ADGSampleForSwiftUITests;
			sourceTree = "<group>";
		};
		B0EC6C751D2517080051967D /* Controllers */ = {
			isa = PBXGroup;
			children = (
				B0EC6C7A1D2522190051967D /* BannerPageViewController.swift */,
				B0659DE41D2A01A800E9618F /* RectanglePageViewController.swift */,
				B0659DE61D2A01F900E9618F /* InterstitialPageViewController.swift */,
			);
			path = Controllers;
			sourceTree = "<group>";
		};
		B0EC6C761D2517190051967D /* Utils */ = {
			isa = PBXGroup;
			children = (
				B0659E0F1D2A649100E9618F /* Log.swift */,
			);
			path = Utils;
			sourceTree = "<group>";
		};
		B0EC6C771D2517670051967D /* Resources */ = {
			isa = PBXGroup;
			children = (
				B0EC6C4D1D2515470051967D /* Assets.xcassets */,
				B0DDB3791D2BA342001282D6 /* ADG-Resources.bundle */,
			);
			path = Resources;
			sourceTree = "<group>";
		};
		B0EC6C781D2517C20051967D /* Frameworks */ = {
			isa = PBXGroup;
			children = (
				B0D014511E3EE215001CF65B /* ADG.framework */,
				B0659DFC1D2A0EB700E9618F /* CoreGraphics.framework */,
				B0659DFA1D2A0EAF00E9618F /* AdSupport.framework */,
				B0659DF81D2A0EA600E9618F /* QuartzCore.framework */,
				B0659DF61D2A0E9C00E9618F /* Security.framework */,
				B0659DF41D2A0E9300E9618F /* MediaPlayer.framework */,
				B0659DF21D2A0E0D00E9618F /* CoreTelephony.framework */,
				B0659DF01D2A0E0300E9618F /* SystemConfiguration.framework */,
			);
			path = Frameworks;
			sourceTree = "<group>";
		};
		B0EC6C791D2521CC0051967D /* Views */ = {
			isa = PBXGroup;
			children = (
				B055CF3A1D37A26900B05663 /* LogTextView.swift */,
			);
			path = Views;
			sourceTree = "<group>";
		};
/* End PBXGroup section */

/* Begin PBXNativeTarget section */
		B0EC6C421D2515470051967D /* ADGSampleForSwift */ = {
			isa = PBXNativeTarget;
			buildConfigurationList = B0EC6C6B1D2515470051967D /* Build configuration list for PBXNativeTarget "ADGSampleForSwift" */;
			buildPhases = (
				B0EC6C3F1D2515470051967D /* Sources */,
				B0EC6C401D2515470051967D /* Frameworks */,
				B0EC6C411D2515470051967D /* Resources */,
			);
			buildRules = (
			);
			dependencies = (
			);
			name = ADGSampleForSwift;
			productName = ADGSampleForSwift;
			productReference = B0EC6C431D2515470051967D /* ADGSampleForSwift.app */;
			productType = "com.apple.product-type.application";
		};
		B0EC6C561D2515470051967D /* ADGSampleForSwiftTests */ = {
			isa = PBXNativeTarget;
			buildConfigurationList = B0EC6C6E1D2515470051967D /* Build configuration list for PBXNativeTarget "ADGSampleForSwiftTests" */;
			buildPhases = (
				B0EC6C531D2515470051967D /* Sources */,
				B0EC6C541D2515470051967D /* Frameworks */,
				B0EC6C551D2515470051967D /* Resources */,
			);
			buildRules = (
			);
			dependencies = (
				B0EC6C591D2515470051967D /* PBXTargetDependency */,
			);
			name = ADGSampleForSwiftTests;
			productName = ADGSampleForSwiftTests;
			productReference = B0EC6C571D2515470051967D /* ADGSampleForSwiftTests.xctest */;
			productType = "com.apple.product-type.bundle.unit-test";
		};
		B0EC6C611D2515470051967D /* ADGSampleForSwiftUITests */ = {
			isa = PBXNativeTarget;
			buildConfigurationList = B0EC6C711D2515470051967D /* Build configuration list for PBXNativeTarget "ADGSampleForSwiftUITests" */;
			buildPhases = (
				B0EC6C5E1D2515470051967D /* Sources */,
				B0EC6C5F1D2515470051967D /* Frameworks */,
				B0EC6C601D2515470051967D /* Resources */,
			);
			buildRules = (
			);
			dependencies = (
				B0EC6C641D2515470051967D /* PBXTargetDependency */,
			);
			name = ADGSampleForSwiftUITests;
			productName = ADGSampleForSwiftUITests;
			productReference = B0EC6C621D2515470051967D /* ADGSampleForSwiftUITests.xctest */;
			productType = "com.apple.product-type.bundle.ui-testing";
		};
/* End PBXNativeTarget section */

/* Begin PBXProject section */
		B0EC6C3B1D2515470051967D /* Project object */ = {
			isa = PBXProject;
			attributes = {
				LastSwiftUpdateCheck = 0730;
				LastUpgradeCheck = 0820;
				ORGANIZATIONNAME = Supership;
				TargetAttributes = {
					B0EC6C421D2515470051967D = {
						CreatedOnToolsVersion = 7.3.1;
						DevelopmentTeam = 5KQ9BP25MK;
						LastSwiftMigration = 0820;
					};
					B0EC6C561D2515470051967D = {
						CreatedOnToolsVersion = 7.3.1;
						DevelopmentTeam = 5KQ9BP25MK;
						LastSwiftMigration = 0820;
						TestTargetID = B0EC6C421D2515470051967D;
					};
					B0EC6C611D2515470051967D = {
						CreatedOnToolsVersion = 7.3.1;
						DevelopmentTeam = 5KQ9BP25MK;
						LastSwiftMigration = 0820;
						TestTargetID = B0EC6C421D2515470051967D;
					};
				};
			};
			buildConfigurationList = B0EC6C3E1D2515470051967D /* Build configuration list for PBXProject "ADGSampleForSwift" */;
			compatibilityVersion = "Xcode 3.2";
			developmentRegion = English;
			hasScannedForEncodings = 0;
			knownRegions = (
				en,
				Base,
			);
			mainGroup = B0EC6C3A1D2515470051967D;
			productRefGroup = B0EC6C441D2515470051967D /* Products */;
			projectDirPath = "";
			projectRoot = "";
			targets = (
				B0EC6C421D2515470051967D /* ADGSampleForSwift */,
				B0EC6C561D2515470051967D /* ADGSampleForSwiftTests */,
				B0EC6C611D2515470051967D /* ADGSampleForSwiftUITests */,
			);
		};
/* End PBXProject section */

/* Begin PBXResourcesBuildPhase section */
		B0EC6C411D2515470051967D /* Resources */ = {
			isa = PBXResourcesBuildPhase;
			buildActionMask = 2147483647;
			files = (
				B0EC6C511D2515470051967D /* LaunchScreen.storyboard in Resources */,
				B0EC6C4E1D2515470051967D /* Assets.xcassets in Resources */,
				B055CF2D1D37535800B05663 /* RootPage.storyboard in Resources */,
				B0DDB37A1D2BA342001282D6 /* ADG-Resources.bundle in Resources */,
				B055CF371D37742400B05663 /* RectanglePage.storyboard in Resources */,
				B055CF391D37743400B05663 /* InterstitialPage.storyboard in Resources */,
				B055CF351D37740200B05663 /* BannerPage.storyboard in Resources */,
				B0EC6C4C1D2515470051967D /* Main.storyboard in Resources */,
			);
			runOnlyForDeploymentPostprocessing = 0;
		};
		B0EC6C551D2515470051967D /* Resources */ = {
			isa = PBXResourcesBuildPhase;
			buildActionMask = 2147483647;
			files = (
			);
			runOnlyForDeploymentPostprocessing = 0;
		};
		B0EC6C601D2515470051967D /* Resources */ = {
			isa = PBXResourcesBuildPhase;
			buildActionMask = 2147483647;
			files = (
			);
			runOnlyForDeploymentPostprocessing = 0;
		};
/* End PBXResourcesBuildPhase section */

/* Begin PBXSourcesBuildPhase section */
		B0EC6C3F1D2515470051967D /* Sources */ = {
			isa = PBXSourcesBuildPhase;
			buildActionMask = 2147483647;
			files = (
				B0DDB3631D2B95B3001282D6 /* Log.swift in Sources */,
				B0659DE51D2A01A800E9618F /* RectanglePageViewController.swift in Sources */,
				B0EC6C7B1D2522190051967D /* BannerPageViewController.swift in Sources */,
				B0EC6C471D2515470051967D /* AppDelegate.swift in Sources */,
				B0659DE71D2A01F900E9618F /* InterstitialPageViewController.swift in Sources */,
				B055CF3B1D37A26900B05663 /* LogTextView.swift in Sources */,
			);
			runOnlyForDeploymentPostprocessing = 0;
		};
		B0EC6C531D2515470051967D /* Sources */ = {
			isa = PBXSourcesBuildPhase;
			buildActionMask = 2147483647;
			files = (
				B0EC6C5C1D2515470051967D /* ADGSampleForSwiftTests.swift in Sources */,
			);
			runOnlyForDeploymentPostprocessing = 0;
		};
		B0EC6C5E1D2515470051967D /* Sources */ = {
			isa = PBXSourcesBuildPhase;
			buildActionMask = 2147483647;
			files = (
				B0EC6C671D2515470051967D /* ADGSampleForSwiftUITests.swift in Sources */,
			);
			runOnlyForDeploymentPostprocessing = 0;
		};
/* End PBXSourcesBuildPhase section */

/* Begin PBXTargetDependency section */
		B0EC6C591D2515470051967D /* PBXTargetDependency */ = {
			isa = PBXTargetDependency;
			target = B0EC6C421D2515470051967D /* ADGSampleForSwift */;
			targetProxy = B0EC6C581D2515470051967D /* PBXContainerItemProxy */;
		};
		B0EC6C641D2515470051967D /* PBXTargetDependency */ = {
			isa = PBXTargetDependency;
			target = B0EC6C421D2515470051967D /* ADGSampleForSwift */;
			targetProxy = B0EC6C631D2515470051967D /* PBXContainerItemProxy */;
		};
/* End PBXTargetDependency section */

/* Begin PBXVariantGroup section */
		B0EC6C4A1D2515470051967D /* Main.storyboard */ = {
			isa = PBXVariantGroup;
			children = (
				B0EC6C4B1D2515470051967D /* Base */,
			);
			name = Main.storyboard;
			sourceTree = "<group>";
		};
		B0EC6C4F1D2515470051967D /* LaunchScreen.storyboard */ = {
			isa = PBXVariantGroup;
			children = (
				B0EC6C501D2515470051967D /* Base */,
			);
			name = LaunchScreen.storyboard;
			sourceTree = "<group>";
		};
/* End PBXVariantGroup section */

/* Begin XCBuildConfiguration section */
		B0EC6C691D2515470051967D /* Debug */ = {
			isa = XCBuildConfiguration;
			buildSettings = {
				ALWAYS_SEARCH_USER_PATHS = NO;
				CLANG_ANALYZER_NONNULL = YES;
				CLANG_CXX_LANGUAGE_STANDARD = "gnu++0x";
				CLANG_CXX_LIBRARY = "libc++";
				CLANG_ENABLE_MODULES = YES;
				CLANG_ENABLE_OBJC_ARC = YES;
				CLANG_WARN_BOOL_CONVERSION = YES;
				CLANG_WARN_CONSTANT_CONVERSION = YES;
				CLANG_WARN_DIRECT_OBJC_ISA_USAGE = YES_ERROR;
				CLANG_WARN_EMPTY_BODY = YES;
				CLANG_WARN_ENUM_CONVERSION = YES;
				CLANG_WARN_INFINITE_RECURSION = YES;
				CLANG_WARN_INT_CONVERSION = YES;
				CLANG_WARN_OBJC_ROOT_CLASS = YES_ERROR;
				CLANG_WARN_SUSPICIOUS_MOVE = YES;
				CLANG_WARN_UNREACHABLE_CODE = YES;
				CLANG_WARN__DUPLICATE_METHOD_MATCH = YES;
				"CODE_SIGN_IDENTITY[sdk=iphoneos*]" = "iPhone Developer";
				COPY_PHASE_STRIP = NO;
				DEBUG_INFORMATION_FORMAT = dwarf;
				ENABLE_STRICT_OBJC_MSGSEND = YES;
				ENABLE_TESTABILITY = YES;
				GCC_C_LANGUAGE_STANDARD = gnu99;
				GCC_DYNAMIC_NO_PIC = NO;
				GCC_NO_COMMON_BLOCKS = YES;
				GCC_OPTIMIZATION_LEVEL = 0;
				GCC_PREPROCESSOR_DEFINITIONS = (
					"DEBUG=1",
					"$(inherited)",
				);
				GCC_WARN_64_TO_32_BIT_CONVERSION = YES;
				GCC_WARN_ABOUT_RETURN_TYPE = YES_ERROR;
				GCC_WARN_UNDECLARED_SELECTOR = YES;
				GCC_WARN_UNINITIALIZED_AUTOS = YES_AGGRESSIVE;
				GCC_WARN_UNUSED_FUNCTION = YES;
				GCC_WARN_UNUSED_VARIABLE = YES;
				IPHONEOS_DEPLOYMENT_TARGET = 9.3;
				MTL_ENABLE_DEBUG_INFO = YES;
				ONLY_ACTIVE_ARCH = YES;
				SDKROOT = iphoneos;
				SWIFT_OPTIMIZATION_LEVEL = "-Onone";
				TARGETED_DEVICE_FAMILY = "1,2";
			};
			name = Debug;
		};
		B0EC6C6A1D2515470051967D /* Release */ = {
			isa = XCBuildConfiguration;
			buildSettings = {
				ALWAYS_SEARCH_USER_PATHS = NO;
				CLANG_ANALYZER_NONNULL = YES;
				CLANG_CXX_LANGUAGE_STANDARD = "gnu++0x";
				CLANG_CXX_LIBRARY = "libc++";
				CLANG_ENABLE_MODULES = YES;
				CLANG_ENABLE_OBJC_ARC = YES;
				CLANG_WARN_BOOL_CONVERSION = YES;
				CLANG_WARN_CONSTANT_CONVERSION = YES;
				CLANG_WARN_DIRECT_OBJC_ISA_USAGE = YES_ERROR;
				CLANG_WARN_EMPTY_BODY = YES;
				CLANG_WARN_ENUM_CONVERSION = YES;
				CLANG_WARN_INFINITE_RECURSION = YES;
				CLANG_WARN_INT_CONVERSION = YES;
				CLANG_WARN_OBJC_ROOT_CLASS = YES_ERROR;
				CLANG_WARN_SUSPICIOUS_MOVE = YES;
				CLANG_WARN_UNREACHABLE_CODE = YES;
				CLANG_WARN__DUPLICATE_METHOD_MATCH = YES;
				"CODE_SIGN_IDENTITY[sdk=iphoneos*]" = "iPhone Developer";
				COPY_PHASE_STRIP = NO;
				DEBUG_INFORMATION_FORMAT = "dwarf-with-dsym";
				ENABLE_NS_ASSERTIONS = NO;
				ENABLE_STRICT_OBJC_MSGSEND = YES;
				GCC_C_LANGUAGE_STANDARD = gnu99;
				GCC_NO_COMMON_BLOCKS = YES;
				GCC_WARN_64_TO_32_BIT_CONVERSION = YES;
				GCC_WARN_ABOUT_RETURN_TYPE = YES_ERROR;
				GCC_WARN_UNDECLARED_SELECTOR = YES;
				GCC_WARN_UNINITIALIZED_AUTOS = YES_AGGRESSIVE;
				GCC_WARN_UNUSED_FUNCTION = YES;
				GCC_WARN_UNUSED_VARIABLE = YES;
				IPHONEOS_DEPLOYMENT_TARGET = 9.3;
				MTL_ENABLE_DEBUG_INFO = NO;
				SDKROOT = iphoneos;
				SWIFT_OPTIMIZATION_LEVEL = "-Owholemodule";
				TARGETED_DEVICE_FAMILY = "1,2";
				VALIDATE_PRODUCT = YES;
			};
			name = Release;
		};
		B0EC6C6C1D2515470051967D /* Debug */ = {
			isa = XCBuildConfiguration;
			buildSettings = {
				ASSETCATALOG_COMPILER_APPICON_NAME = AppIcon;
				CODE_SIGN_IDENTITY = "iPhone Developer";
				"CODE_SIGN_IDENTITY[sdk=iphoneos*]" = "iPhone Developer";
				DEVELOPMENT_TEAM = 5KQ9BP25MK;
				EMBED_ASSET_PACKS_IN_PRODUCT_BUNDLE = NO;
				ENABLE_BITCODE = NO;
				FRAMEWORK_SEARCH_PATHS = (
					"$(inherited)",
					"$(PROJECT_DIR)/Frameworks",
					"$(PROJECT_DIR)",
				);
				INFOPLIST_FILE = ADGSampleForSwift/Info.plist;
				IPHONEOS_DEPLOYMENT_TARGET = 9.0;
				LD_RUNPATH_SEARCH_PATHS = "$(inherited) @executable_path/Frameworks @loader_path/../Frameworks";
				OTHER_LDFLAGS = "-ObjC";
				PRODUCT_BUNDLE_IDENTIFIER = jp.supership.ADGSampleForSwift;
				PRODUCT_NAME = "$(TARGET_NAME)";
				PROVISIONING_PROFILE = "";
				SWIFT_INCLUDE_PATHS = "";
				SWIFT_OBJC_BRIDGING_HEADER = "$(SRCROOT)/$(PROJECT_NAME)/$(PROJECT_NAME)-Binding-Header.h";
				SWIFT_VERSION = 3.0;
			};
			name = Debug;
		};
		B0EC6C6D1D2515470051967D /* Release */ = {
			isa = XCBuildConfiguration;
			buildSettings = {
				ASSETCATALOG_COMPILER_APPICON_NAME = AppIcon;
				CODE_SIGN_IDENTITY = "iPhone Developer";
				"CODE_SIGN_IDENTITY[sdk=iphoneos*]" = "iPhone Developer";
				DEVELOPMENT_TEAM = 5KQ9BP25MK;
				EMBED_ASSET_PACKS_IN_PRODUCT_BUNDLE = NO;
				ENABLE_BITCODE = NO;
				FRAMEWORK_SEARCH_PATHS = (
					"$(inherited)",
					"$(PROJECT_DIR)/Frameworks",
					"$(PROJECT_DIR)",
				);
				INFOPLIST_FILE = ADGSampleForSwift/Info.plist;
				IPHONEOS_DEPLOYMENT_TARGET = 9.0;
				LD_RUNPATH_SEARCH_PATHS = "$(inherited) @executable_path/Frameworks @loader_path/../Frameworks";
				OTHER_LDFLAGS = "-ObjC";
				PRODUCT_BUNDLE_IDENTIFIER = jp.supership.ADGSampleForSwift;
				PRODUCT_NAME = "$(TARGET_NAME)";
				PROVISIONING_PROFILE = "";
				SWIFT_INCLUDE_PATHS = "";
				SWIFT_OBJC_BRIDGING_HEADER = "$(SRCROOT)/$(PROJECT_NAME)/$(PROJECT_NAME)-Binding-Header.h";
				SWIFT_VERSION = 3.0;
			};
			name = Release;
		};
		B0EC6C6F1D2515470051967D /* Debug */ = {
			isa = XCBuildConfiguration;
			buildSettings = {
				BUNDLE_LOADER = "$(TEST_HOST)";
				INFOPLIST_FILE = ADGSampleForSwiftTests/Info.plist;
				LD_RUNPATH_SEARCH_PATHS = "$(inherited) @executable_path/Frameworks @loader_path/Frameworks";
				PRODUCT_BUNDLE_IDENTIFIER = jp.supership.ADGSampleForSwiftTests;
				PRODUCT_NAME = "$(TARGET_NAME)";
				SWIFT_VERSION = 3.0;
				TEST_HOST = "$(BUILT_PRODUCTS_DIR)/ADGSampleForSwift.app/ADGSampleForSwift";
			};
			name = Debug;
		};
		B0EC6C701D2515470051967D /* Release */ = {
			isa = XCBuildConfiguration;
			buildSettings = {
				BUNDLE_LOADER = "$(TEST_HOST)";
				INFOPLIST_FILE = ADGSampleForSwiftTests/Info.plist;
				LD_RUNPATH_SEARCH_PATHS = "$(inherited) @executable_path/Frameworks @loader_path/Frameworks";
				PRODUCT_BUNDLE_IDENTIFIER = jp.supership.ADGSampleForSwiftTests;
				PRODUCT_NAME = "$(TARGET_NAME)";
				SWIFT_VERSION = 3.0;
				TEST_HOST = "$(BUILT_PRODUCTS_DIR)/ADGSampleForSwift.app/ADGSampleForSwift";
			};
			name = Release;
		};
		B0EC6C721D2515470051967D /* Debug */ = {
			isa = XCBuildConfiguration;
			buildSettings = {
				INFOPLIST_FILE = ADGSampleForSwiftUITests/Info.plist;
				LD_RUNPATH_SEARCH_PATHS = "$(inherited) @executable_path/Frameworks @loader_path/Frameworks";
				PRODUCT_BUNDLE_IDENTIFIER = jp.supership.ADGSampleForSwiftUITests;
				PRODUCT_NAME = "$(TARGET_NAME)";
				SWIFT_VERSION = 3.0;
				TEST_TARGET_NAME = ADGSampleForSwift;
			};
			name = Debug;
		};
		B0EC6C731D2515470051967D /* Release */ = {
			isa = XCBuildConfiguration;
			buildSettings = {
				INFOPLIST_FILE = ADGSampleForSwiftUITests/Info.plist;
				LD_RUNPATH_SEARCH_PATHS = "$(inherited) @executable_path/Frameworks @loader_path/Frameworks";
				PRODUCT_BUNDLE_IDENTIFIER = jp.supership.ADGSampleForSwiftUITests;
				PRODUCT_NAME = "$(TARGET_NAME)";
				SWIFT_VERSION = 3.0;
				TEST_TARGET_NAME = ADGSampleForSwift;
			};
			name = Release;
		};
/* End XCBuildConfiguration section */

/* Begin XCConfigurationList section */
		B0EC6C3E1D2515470051967D /* Build configuration list for PBXProject "ADGSampleForSwift" */ = {
			isa = XCConfigurationList;
			buildConfigurations = (
				B0EC6C691D2515470051967D /* Debug */,
				B0EC6C6A1D2515470051967D /* Release */,
			);
			defaultConfigurationIsVisible = 0;
			defaultConfigurationName = Release;
		};
		B0EC6C6B1D2515470051967D /* Build configuration list for PBXNativeTarget "ADGSampleForSwift" */ = {
			isa = XCConfigurationList;
			buildConfigurations = (
				B0EC6C6C1D2515470051967D /* Debug */,
				B0EC6C6D1D2515470051967D /* Release */,
			);
			defaultConfigurationIsVisible = 0;
			defaultConfigurationName = Release;
		};
		B0EC6C6E1D2515470051967D /* Build configuration list for PBXNativeTarget "ADGSampleForSwiftTests" */ = {
			isa = XCConfigurationList;
			buildConfigurations = (
				B0EC6C6F1D2515470051967D /* Debug */,
				B0EC6C701D2515470051967D /* Release */,
			);
			defaultConfigurationIsVisible = 0;
			defaultConfigurationName = Release;
		};
		B0EC6C711D2515470051967D /* Build configuration list for PBXNativeTarget "ADGSampleForSwiftUITests" */ = {
			isa = XCConfigurationList;
			buildConfigurations = (
				B0EC6C721D2515470051967D /* Debug */,
				B0EC6C731D2515470051967D /* Release */,
			);
			defaultConfigurationIsVisible = 0;
			defaultConfigurationName = Release;
		};
/* End XCConfigurationList section */
	};
	rootObject = B0EC6C3B1D2515470051967D /* Project object */;
}
