// !$*UTF8*$!
{
	archiveVersion = 1;
	classes = {
	};
	objectVersion = 48;
	objects = {

/* Begin PBXBuildFile section */
		06DC96FF2D5320CE5E94C551 /* Pods_InterstitialAdsSwift.framework in Frameworks */ = {isa = PBXBuildFile; fileRef = EF6879068BC993E47C552F67 /* Pods_InterstitialAdsSwift.framework */; };
		15929F383F31A86485AA5235 /* Pods_BannerAdsObjC.framework in Frameworks */ = {isa = PBXBuildFile; fileRef = 3C2F89ED7A8915E77EAA7676 /* Pods_BannerAdsObjC.framework */; };
		1C765AC3589382BC667F8597 /* Pods_NativeAdsSwift.framework in Frameworks */ = {isa = PBXBuildFile; fileRef = 01316034C3B20C82BD756BE2 /* Pods_NativeAdsSwift.framework */; };
		33B3A1EDE58EDF834FB7DF9A /* Pods_InterstitialAdsObjC.framework in Frameworks */ = {isa = PBXBuildFile; fileRef = 72BDE91A0A39F62C960E006B /* Pods_InterstitialAdsObjC.framework */; };
		8E462CF903D9980ADCF569D7 /* Pods_NativeAdsObjC.framework in Frameworks */ = {isa = PBXBuildFile; fileRef = D9248B643218C98A99BF1CBE /* Pods_NativeAdsObjC.framework */; };
		B01556CF1F752EC20078E406 /* ADGNativeAdView.m in Sources */ = {isa = PBXBuildFile; fileRef = B01556CE1F752EC20078E406 /* ADGNativeAdView.m */; };
		B01556D11F752ECF0078E406 /* ADGNativeAdView.xib in Resources */ = {isa = PBXBuildFile; fileRef = B01556D01F752ECF0078E406 /* ADGNativeAdView.xib */; };
		B01556D81F757B0D0078E406 /* ADGNativeAdView.swift in Sources */ = {isa = PBXBuildFile; fileRef = B01556D71F757B0D0078E406 /* ADGNativeAdView.swift */; };
		B01556DA1F757B380078E406 /* ADGNativeAdView.xib in Resources */ = {isa = PBXBuildFile; fileRef = B01556D91F757B380078E406 /* ADGNativeAdView.xib */; };
		B02FCC6B1F73C4AA00D7C310 /* AppDelegate.swift in Sources */ = {isa = PBXBuildFile; fileRef = B02FCC6A1F73C4AA00D7C310 /* AppDelegate.swift */; };
		B02FCC6D1F73C4AA00D7C310 /* BannerAdsSwiftViewController.swift in Sources */ = {isa = PBXBuildFile; fileRef = B02FCC6C1F73C4AA00D7C310 /* BannerAdsSwiftViewController.swift */; };
		B02FCC701F73C4AA00D7C310 /* Main.storyboard in Resources */ = {isa = PBXBuildFile; fileRef = B02FCC6E1F73C4AA00D7C310 /* Main.storyboard */; };
		B02FCC721F73C4AA00D7C310 /* Assets.xcassets in Resources */ = {isa = PBXBuildFile; fileRef = B02FCC711F73C4AA00D7C310 /* Assets.xcassets */; };
		B02FCC751F73C4AA00D7C310 /* LaunchScreen.storyboard in Resources */ = {isa = PBXBuildFile; fileRef = B02FCC731F73C4AA00D7C310 /* LaunchScreen.storyboard */; };
		B02FCC821F73C50000D7C310 /* AppDelegate.m in Sources */ = {isa = PBXBuildFile; fileRef = B02FCC811F73C50000D7C310 /* AppDelegate.m */; };
		B02FCC851F73C50000D7C310 /* BannerAdsObjCViewController.m in Sources */ = {isa = PBXBuildFile; fileRef = B02FCC841F73C50000D7C310 /* BannerAdsObjCViewController.m */; };
		B02FCC881F73C50000D7C310 /* Main.storyboard in Resources */ = {isa = PBXBuildFile; fileRef = B02FCC861F73C50000D7C310 /* Main.storyboard */; };
		B02FCC8A1F73C50000D7C310 /* Assets.xcassets in Resources */ = {isa = PBXBuildFile; fileRef = B02FCC891F73C50000D7C310 /* Assets.xcassets */; };
		B02FCC8D1F73C50000D7C310 /* LaunchScreen.storyboard in Resources */ = {isa = PBXBuildFile; fileRef = B02FCC8B1F73C50000D7C310 /* LaunchScreen.storyboard */; };
		B02FCC901F73C50000D7C310 /* main.m in Sources */ = {isa = PBXBuildFile; fileRef = B02FCC8F1F73C50000D7C310 /* main.m */; };
		B02FCCB61F73CBDE00D7C310 /* AppDelegate.swift in Sources */ = {isa = PBXBuildFile; fileRef = B02FCCB51F73CBDE00D7C310 /* AppDelegate.swift */; };
		B02FCCB81F73CBDE00D7C310 /* InterstitialAdsSwiftViewController.swift in Sources */ = {isa = PBXBuildFile; fileRef = B02FCCB71F73CBDE00D7C310 /* InterstitialAdsSwiftViewController.swift */; };
		B02FCCBB1F73CBDE00D7C310 /* Main.storyboard in Resources */ = {isa = PBXBuildFile; fileRef = B02FCCB91F73CBDE00D7C310 /* Main.storyboard */; };
		B02FCCBD1F73CBDE00D7C310 /* Assets.xcassets in Resources */ = {isa = PBXBuildFile; fileRef = B02FCCBC1F73CBDE00D7C310 /* Assets.xcassets */; };
		B02FCCC01F73CBDE00D7C310 /* LaunchScreen.storyboard in Resources */ = {isa = PBXBuildFile; fileRef = B02FCCBE1F73CBDE00D7C310 /* LaunchScreen.storyboard */; };
		B02FCCCD1F73CBF200D7C310 /* AppDelegate.m in Sources */ = {isa = PBXBuildFile; fileRef = B02FCCCC1F73CBF200D7C310 /* AppDelegate.m */; };
		B02FCCD01F73CBF200D7C310 /* NativeAdsObjCViewController.m in Sources */ = {isa = PBXBuildFile; fileRef = B02FCCCF1F73CBF200D7C310 /* NativeAdsObjCViewController.m */; };
		B02FCCD31F73CBF200D7C310 /* Main.storyboard in Resources */ = {isa = PBXBuildFile; fileRef = B02FCCD11F73CBF200D7C310 /* Main.storyboard */; };
		B02FCCD51F73CBF200D7C310 /* Assets.xcassets in Resources */ = {isa = PBXBuildFile; fileRef = B02FCCD41F73CBF200D7C310 /* Assets.xcassets */; };
		B02FCCD81F73CBF200D7C310 /* LaunchScreen.storyboard in Resources */ = {isa = PBXBuildFile; fileRef = B02FCCD61F73CBF200D7C310 /* LaunchScreen.storyboard */; };
		B02FCCDB1F73CBF200D7C310 /* main.m in Sources */ = {isa = PBXBuildFile; fileRef = B02FCCDA1F73CBF200D7C310 /* main.m */; };
		B02FCCE61F73CC0600D7C310 /* AppDelegate.swift in Sources */ = {isa = PBXBuildFile; fileRef = B02FCCE51F73CC0600D7C310 /* AppDelegate.swift */; };
		B02FCCE81F73CC0600D7C310 /* NativeAdsSwiftViewController.swift in Sources */ = {isa = PBXBuildFile; fileRef = B02FCCE71F73CC0600D7C310 /* NativeAdsSwiftViewController.swift */; };
		B02FCCEB1F73CC0600D7C310 /* Main.storyboard in Resources */ = {isa = PBXBuildFile; fileRef = B02FCCE91F73CC0600D7C310 /* Main.storyboard */; };
		B02FCCED1F73CC0600D7C310 /* Assets.xcassets in Resources */ = {isa = PBXBuildFile; fileRef = B02FCCEC1F73CC0600D7C310 /* Assets.xcassets */; };
		B02FCCF01F73CC0600D7C310 /* LaunchScreen.storyboard in Resources */ = {isa = PBXBuildFile; fileRef = B02FCCEE1F73CC0600D7C310 /* LaunchScreen.storyboard */; };
		B03C6DCB1F78A34600F8F307 /* FBNativeAdCustomView.m in Sources */ = {isa = PBXBuildFile; fileRef = B03C6DCA1F78A34600F8F307 /* FBNativeAdCustomView.m */; };
		B03C6DCD1F78A35100F8F307 /* FBNativeAdCustomView.xib in Resources */ = {isa = PBXBuildFile; fileRef = B03C6DCC1F78A35100F8F307 /* FBNativeAdCustomView.xib */; };
		B03C6DD01F78CBDF00F8F307 /* FBNativeAdCustomView.swift in Sources */ = {isa = PBXBuildFile; fileRef = B03C6DCF1F78CBDF00F8F307 /* FBNativeAdCustomView.swift */; };
		B03C6DD21F78CBFD00F8F307 /* FBNativeAdCustomView.xib in Resources */ = {isa = PBXBuildFile; fileRef = B03C6DD11F78CBFC00F8F307 /* FBNativeAdCustomView.xib */; };
		B0EE736C1F74F87B00D9A52E /* main.m in Sources */ = {isa = PBXBuildFile; fileRef = B0EE736B1F74F87B00D9A52E /* main.m */; };
		B0EE736F1F74F87B00D9A52E /* AppDelegate.m in Sources */ = {isa = PBXBuildFile; fileRef = B0EE736E1F74F87B00D9A52E /* AppDelegate.m */; };
		B0EE73721F74F87B00D9A52E /* InterstitialAdsObjCViewController.m in Sources */ = {isa = PBXBuildFile; fileRef = B0EE73711F74F87B00D9A52E /* InterstitialAdsObjCViewController.m */; };
		B0EE73751F74F87B00D9A52E /* Main.storyboard in Resources */ = {isa = PBXBuildFile; fileRef = B0EE73731F74F87B00D9A52E /* Main.storyboard */; };
		B0EE73771F74F87B00D9A52E /* Assets.xcassets in Resources */ = {isa = PBXBuildFile; fileRef = B0EE73761F74F87B00D9A52E /* Assets.xcassets */; };
		B0EE737A1F74F87B00D9A52E /* LaunchScreen.storyboard in Resources */ = {isa = PBXBuildFile; fileRef = B0EE73781F74F87B00D9A52E /* LaunchScreen.storyboard */; };
		DC6D580A034949ADA8A484EB /* Pods_BannerAdsSwift.framework in Frameworks */ = {isa = PBXBuildFile; fileRef = 1F9329FD9372BA0F16C1A285 /* Pods_BannerAdsSwift.framework */; };
/* End PBXBuildFile section */

/* Begin PBXFileReference section */
		01316034C3B20C82BD756BE2 /* Pods_NativeAdsSwift.framework */ = {isa = PBXFileReference; explicitFileType = wrapper.framework; includeInIndex = 0; path = Pods_NativeAdsSwift.framework; sourceTree = BUILT_PRODUCTS_DIR; };
		08760E8D5ED59C27AD44B9D0 /* Pods-NativeAdsObjC.release.xcconfig */ = {isa = PBXFileReference; includeInIndex = 1; lastKnownFileType = text.xcconfig; name = "Pods-NativeAdsObjC.release.xcconfig"; path = "Pods/Target Support Files/Pods-NativeAdsObjC/Pods-NativeAdsObjC.release.xcconfig"; sourceTree = "<group>"; };
		087DE63FD7210B81C827CDD1 /* Pods-InterstitialAdsSwift.debug.xcconfig */ = {isa = PBXFileReference; includeInIndex = 1; lastKnownFileType = text.xcconfig; name = "Pods-InterstitialAdsSwift.debug.xcconfig"; path = "Pods/Target Support Files/Pods-InterstitialAdsSwift/Pods-InterstitialAdsSwift.debug.xcconfig"; sourceTree = "<group>"; };
		1442E0A8A366F7627656A685 /* Pods-ADGSample.release.xcconfig */ = {isa = PBXFileReference; includeInIndex = 1; lastKnownFileType = text.xcconfig; name = "Pods-ADGSample.release.xcconfig"; path = "Pods/Target Support Files/Pods-ADGSample/Pods-ADGSample.release.xcconfig"; sourceTree = "<group>"; };
		15EA16852E4445AE75E1D451 /* Pods-NativeAdsObjC.debug.xcconfig */ = {isa = PBXFileReference; includeInIndex = 1; lastKnownFileType = text.xcconfig; name = "Pods-NativeAdsObjC.debug.xcconfig"; path = "Pods/Target Support Files/Pods-NativeAdsObjC/Pods-NativeAdsObjC.debug.xcconfig"; sourceTree = "<group>"; };
		1F9329FD9372BA0F16C1A285 /* Pods_BannerAdsSwift.framework */ = {isa = PBXFileReference; explicitFileType = wrapper.framework; includeInIndex = 0; path = Pods_BannerAdsSwift.framework; sourceTree = BUILT_PRODUCTS_DIR; };
		23DF24C0832158CDF6C92A23 /* Pods-NativeAdsSwift.release.xcconfig */ = {isa = PBXFileReference; includeInIndex = 1; lastKnownFileType = text.xcconfig; name = "Pods-NativeAdsSwift.release.xcconfig"; path = "Pods/Target Support Files/Pods-NativeAdsSwift/Pods-NativeAdsSwift.release.xcconfig"; sourceTree = "<group>"; };
		3C2F89ED7A8915E77EAA7676 /* Pods_BannerAdsObjC.framework */ = {isa = PBXFileReference; explicitFileType = wrapper.framework; includeInIndex = 0; path = Pods_BannerAdsObjC.framework; sourceTree = BUILT_PRODUCTS_DIR; };
		49BE4DF0FD2100395FCAD7CB /* Pods-BannerAdsObjC.debug.xcconfig */ = {isa = PBXFileReference; includeInIndex = 1; lastKnownFileType = text.xcconfig; name = "Pods-BannerAdsObjC.debug.xcconfig"; path = "Pods/Target Support Files/Pods-BannerAdsObjC/Pods-BannerAdsObjC.debug.xcconfig"; sourceTree = "<group>"; };
		528F1FA82186D98B92DB3EF3 /* Pods-BannerAdsSwift.release.xcconfig */ = {isa = PBXFileReference; includeInIndex = 1; lastKnownFileType = text.xcconfig; name = "Pods-BannerAdsSwift.release.xcconfig"; path = "Pods/Target Support Files/Pods-BannerAdsSwift/Pods-BannerAdsSwift.release.xcconfig"; sourceTree = "<group>"; };
		5D7B36906C824E107A296CD0 /* Pods-ADGSample.debug.xcconfig */ = {isa = PBXFileReference; includeInIndex = 1; lastKnownFileType = text.xcconfig; name = "Pods-ADGSample.debug.xcconfig"; path = "Pods/Target Support Files/Pods-ADGSample/Pods-ADGSample.debug.xcconfig"; sourceTree = "<group>"; };
		72BDE91A0A39F62C960E006B /* Pods_InterstitialAdsObjC.framework */ = {isa = PBXFileReference; explicitFileType = wrapper.framework; includeInIndex = 0; path = Pods_InterstitialAdsObjC.framework; sourceTree = BUILT_PRODUCTS_DIR; };
		788A07CA39A466FECE627F0C /* Pods-InterstitialAdsSwift.release.xcconfig */ = {isa = PBXFileReference; includeInIndex = 1; lastKnownFileType = text.xcconfig; name = "Pods-InterstitialAdsSwift.release.xcconfig"; path = "Pods/Target Support Files/Pods-InterstitialAdsSwift/Pods-InterstitialAdsSwift.release.xcconfig"; sourceTree = "<group>"; };
		B01556CD1F752EC20078E406 /* ADGNativeAdView.h */ = {isa = PBXFileReference; lastKnownFileType = sourcecode.c.h; path = ADGNativeAdView.h; sourceTree = "<group>"; };
		B01556CE1F752EC20078E406 /* ADGNativeAdView.m */ = {isa = PBXFileReference; lastKnownFileType = sourcecode.c.objc; path = ADGNativeAdView.m; sourceTree = "<group>"; };
		B01556D01F752ECF0078E406 /* ADGNativeAdView.xib */ = {isa = PBXFileReference; lastKnownFileType = file.xib; path = ADGNativeAdView.xib; sourceTree = "<group>"; };
		B01556D71F757B0D0078E406 /* ADGNativeAdView.swift */ = {isa = PBXFileReference; lastKnownFileType = sourcecode.swift; path = ADGNativeAdView.swift; sourceTree = "<group>"; };
		B01556D91F757B380078E406 /* ADGNativeAdView.xib */ = {isa = PBXFileReference; fileEncoding = 4; lastKnownFileType = file.xib; path = ADGNativeAdView.xib; sourceTree = "<group>"; };
		B02FCC681F73C4A900D7C310 /* BannerAdsSwift.app */ = {isa = PBXFileReference; explicitFileType = wrapper.application; includeInIndex = 0; path = BannerAdsSwift.app; sourceTree = BUILT_PRODUCTS_DIR; };
		B02FCC6A1F73C4AA00D7C310 /* AppDelegate.swift */ = {isa = PBXFileReference; lastKnownFileType = sourcecode.swift; path = AppDelegate.swift; sourceTree = "<group>"; };
		B02FCC6C1F73C4AA00D7C310 /* BannerAdsSwiftViewController.swift */ = {isa = PBXFileReference; lastKnownFileType = sourcecode.swift; path = BannerAdsSwiftViewController.swift; sourceTree = "<group>"; };
		B02FCC6F1F73C4AA00D7C310 /* Base */ = {isa = PBXFileReference; lastKnownFileType = file.storyboard; name = Base; path = Base.lproj/Main.storyboard; sourceTree = "<group>"; };
		B02FCC711F73C4AA00D7C310 /* Assets.xcassets */ = {isa = PBXFileReference; lastKnownFileType = folder.assetcatalog; path = Assets.xcassets; sourceTree = "<group>"; };
		B02FCC741F73C4AA00D7C310 /* Base */ = {isa = PBXFileReference; lastKnownFileType = file.storyboard; name = Base; path = Base.lproj/LaunchScreen.storyboard; sourceTree = "<group>"; };
		B02FCC761F73C4AA00D7C310 /* Info.plist */ = {isa = PBXFileReference; lastKnownFileType = text.plist.xml; path = Info.plist; sourceTree = "<group>"; };
		B02FCC7E1F73C50000D7C310 /* BannerAdsObjC.app */ = {isa = PBXFileReference; explicitFileType = wrapper.application; includeInIndex = 0; path = BannerAdsObjC.app; sourceTree = BUILT_PRODUCTS_DIR; };
		B02FCC801F73C50000D7C310 /* AppDelegate.h */ = {isa = PBXFileReference; lastKnownFileType = sourcecode.c.h; path = AppDelegate.h; sourceTree = "<group>"; };
		B02FCC811F73C50000D7C310 /* AppDelegate.m */ = {isa = PBXFileReference; lastKnownFileType = sourcecode.c.objc; path = AppDelegate.m; sourceTree = "<group>"; };
		B02FCC831F73C50000D7C310 /* BannerAdsObjCViewController.h */ = {isa = PBXFileReference; lastKnownFileType = sourcecode.c.h; path = BannerAdsObjCViewController.h; sourceTree = "<group>"; };
		B02FCC841F73C50000D7C310 /* BannerAdsObjCViewController.m */ = {isa = PBXFileReference; lastKnownFileType = sourcecode.c.objc; path = BannerAdsObjCViewController.m; sourceTree = "<group>"; };
		B02FCC871F73C50000D7C310 /* Base */ = {isa = PBXFileReference; lastKnownFileType = file.storyboard; name = Base; path = Base.lproj/Main.storyboard; sourceTree = "<group>"; };
		B02FCC891F73C50000D7C310 /* Assets.xcassets */ = {isa = PBXFileReference; lastKnownFileType = folder.assetcatalog; path = Assets.xcassets; sourceTree = "<group>"; };
		B02FCC8C1F73C50000D7C310 /* Base */ = {isa = PBXFileReference; lastKnownFileType = file.storyboard; name = Base; path = Base.lproj/LaunchScreen.storyboard; sourceTree = "<group>"; };
		B02FCC8E1F73C50000D7C310 /* Info.plist */ = {isa = PBXFileReference; lastKnownFileType = text.plist.xml; path = Info.plist; sourceTree = "<group>"; };
		B02FCC8F1F73C50000D7C310 /* main.m */ = {isa = PBXFileReference; lastKnownFileType = sourcecode.c.objc; path = main.m; sourceTree = "<group>"; };
		B02FCCB31F73CBDE00D7C310 /* InterstitialAdsSwift.app */ = {isa = PBXFileReference; explicitFileType = wrapper.application; includeInIndex = 0; path = InterstitialAdsSwift.app; sourceTree = BUILT_PRODUCTS_DIR; };
		B02FCCB51F73CBDE00D7C310 /* AppDelegate.swift */ = {isa = PBXFileReference; lastKnownFileType = sourcecode.swift; path = AppDelegate.swift; sourceTree = "<group>"; };
		B02FCCB71F73CBDE00D7C310 /* InterstitialAdsSwiftViewController.swift */ = {isa = PBXFileReference; lastKnownFileType = sourcecode.swift; path = InterstitialAdsSwiftViewController.swift; sourceTree = "<group>"; };
		B02FCCBA1F73CBDE00D7C310 /* Base */ = {isa = PBXFileReference; lastKnownFileType = file.storyboard; name = Base; path = Base.lproj/Main.storyboard; sourceTree = "<group>"; };
		B02FCCBC1F73CBDE00D7C310 /* Assets.xcassets */ = {isa = PBXFileReference; lastKnownFileType = folder.assetcatalog; path = Assets.xcassets; sourceTree = "<group>"; };
		B02FCCBF1F73CBDE00D7C310 /* Base */ = {isa = PBXFileReference; lastKnownFileType = file.storyboard; name = Base; path = Base.lproj/LaunchScreen.storyboard; sourceTree = "<group>"; };
		B02FCCC11F73CBDE00D7C310 /* Info.plist */ = {isa = PBXFileReference; lastKnownFileType = text.plist.xml; path = Info.plist; sourceTree = "<group>"; };
		B02FCCC91F73CBF200D7C310 /* NativeAdsObjC.app */ = {isa = PBXFileReference; explicitFileType = wrapper.application; includeInIndex = 0; path = NativeAdsObjC.app; sourceTree = BUILT_PRODUCTS_DIR; };
		B02FCCCB1F73CBF200D7C310 /* AppDelegate.h */ = {isa = PBXFileReference; lastKnownFileType = sourcecode.c.h; path = AppDelegate.h; sourceTree = "<group>"; };
		B02FCCCC1F73CBF200D7C310 /* AppDelegate.m */ = {isa = PBXFileReference; lastKnownFileType = sourcecode.c.objc; path = AppDelegate.m; sourceTree = "<group>"; };
		B02FCCCE1F73CBF200D7C310 /* NativeAdsObjCViewController.h */ = {isa = PBXFileReference; lastKnownFileType = sourcecode.c.h; path = NativeAdsObjCViewController.h; sourceTree = "<group>"; };
		B02FCCCF1F73CBF200D7C310 /* NativeAdsObjCViewController.m */ = {isa = PBXFileReference; lastKnownFileType = sourcecode.c.objc; path = NativeAdsObjCViewController.m; sourceTree = "<group>"; };
		B02FCCD21F73CBF200D7C310 /* Base */ = {isa = PBXFileReference; lastKnownFileType = file.storyboard; name = Base; path = Base.lproj/Main.storyboard; sourceTree = "<group>"; };
		B02FCCD41F73CBF200D7C310 /* Assets.xcassets */ = {isa = PBXFileReference; lastKnownFileType = folder.assetcatalog; path = Assets.xcassets; sourceTree = "<group>"; };
		B02FCCD71F73CBF200D7C310 /* Base */ = {isa = PBXFileReference; lastKnownFileType = file.storyboard; name = Base; path = Base.lproj/LaunchScreen.storyboard; sourceTree = "<group>"; };
		B02FCCD91F73CBF200D7C310 /* Info.plist */ = {isa = PBXFileReference; lastKnownFileType = text.plist.xml; path = Info.plist; sourceTree = "<group>"; };
		B02FCCDA1F73CBF200D7C310 /* main.m */ = {isa = PBXFileReference; lastKnownFileType = sourcecode.c.objc; path = main.m; sourceTree = "<group>"; };
		B02FCCE31F73CC0600D7C310 /* NativeAdsSwift.app */ = {isa = PBXFileReference; explicitFileType = wrapper.application; includeInIndex = 0; path = NativeAdsSwift.app; sourceTree = BUILT_PRODUCTS_DIR; };
		B02FCCE51F73CC0600D7C310 /* AppDelegate.swift */ = {isa = PBXFileReference; lastKnownFileType = sourcecode.swift; path = AppDelegate.swift; sourceTree = "<group>"; };
		B02FCCE71F73CC0600D7C310 /* NativeAdsSwiftViewController.swift */ = {isa = PBXFileReference; lastKnownFileType = sourcecode.swift; path = NativeAdsSwiftViewController.swift; sourceTree = "<group>"; };
		B02FCCEA1F73CC0600D7C310 /* Base */ = {isa = PBXFileReference; lastKnownFileType = file.storyboard; name = Base; path = Base.lproj/Main.storyboard; sourceTree = "<group>"; };
		B02FCCEC1F73CC0600D7C310 /* Assets.xcassets */ = {isa = PBXFileReference; lastKnownFileType = folder.assetcatalog; path = Assets.xcassets; sourceTree = "<group>"; };
		B02FCCEF1F73CC0600D7C310 /* Base */ = {isa = PBXFileReference; lastKnownFileType = file.storyboard; name = Base; path = Base.lproj/LaunchScreen.storyboard; sourceTree = "<group>"; };
		B02FCCF11F73CC0600D7C310 /* Info.plist */ = {isa = PBXFileReference; lastKnownFileType = text.plist.xml; path = Info.plist; sourceTree = "<group>"; };
		B03C6DC91F78A34600F8F307 /* FBNativeAdCustomView.h */ = {isa = PBXFileReference; lastKnownFileType = sourcecode.c.h; path = FBNativeAdCustomView.h; sourceTree = "<group>"; };
		B03C6DCA1F78A34600F8F307 /* FBNativeAdCustomView.m */ = {isa = PBXFileReference; lastKnownFileType = sourcecode.c.objc; path = FBNativeAdCustomView.m; sourceTree = "<group>"; };
		B03C6DCC1F78A35100F8F307 /* FBNativeAdCustomView.xib */ = {isa = PBXFileReference; lastKnownFileType = file.xib; path = FBNativeAdCustomView.xib; sourceTree = "<group>"; };
		B03C6DCF1F78CBDF00F8F307 /* FBNativeAdCustomView.swift */ = {isa = PBXFileReference; lastKnownFileType = sourcecode.swift; path = FBNativeAdCustomView.swift; sourceTree = "<group>"; };
		B03C6DD11F78CBFC00F8F307 /* FBNativeAdCustomView.xib */ = {isa = PBXFileReference; fileEncoding = 4; lastKnownFileType = file.xib; path = FBNativeAdCustomView.xib; sourceTree = "<group>"; };
		B0797F243269F1CB77A10059 /* Pods-BannerAdsSwift.debug.xcconfig */ = {isa = PBXFileReference; includeInIndex = 1; lastKnownFileType = text.xcconfig; name = "Pods-BannerAdsSwift.debug.xcconfig"; path = "Pods/Target Support Files/Pods-BannerAdsSwift/Pods-BannerAdsSwift.debug.xcconfig"; sourceTree = "<group>"; };
		B0EE73681F74F87B00D9A52E /* InterstitialAdsObjC.app */ = {isa = PBXFileReference; explicitFileType = wrapper.application; includeInIndex = 0; path = InterstitialAdsObjC.app; sourceTree = BUILT_PRODUCTS_DIR; };
		B0EE736B1F74F87B00D9A52E /* main.m */ = {isa = PBXFileReference; lastKnownFileType = sourcecode.c.objc; path = main.m; sourceTree = "<group>"; };
		B0EE736D1F74F87B00D9A52E /* AppDelegate.h */ = {isa = PBXFileReference; lastKnownFileType = sourcecode.c.h; path = AppDelegate.h; sourceTree = "<group>"; };
		B0EE736E1F74F87B00D9A52E /* AppDelegate.m */ = {isa = PBXFileReference; lastKnownFileType = sourcecode.c.objc; path = AppDelegate.m; sourceTree = "<group>"; };
		B0EE73701F74F87B00D9A52E /* InterstitialAdsObjCViewController.h */ = {isa = PBXFileReference; lastKnownFileType = sourcecode.c.h; path = InterstitialAdsObjCViewController.h; sourceTree = "<group>"; };
		B0EE73711F74F87B00D9A52E /* InterstitialAdsObjCViewController.m */ = {isa = PBXFileReference; lastKnownFileType = sourcecode.c.objc; path = InterstitialAdsObjCViewController.m; sourceTree = "<group>"; };
		B0EE73741F74F87B00D9A52E /* Base */ = {isa = PBXFileReference; lastKnownFileType = file.storyboard; name = Base; path = Base.lproj/Main.storyboard; sourceTree = "<group>"; };
		B0EE73761F74F87B00D9A52E /* Assets.xcassets */ = {isa = PBXFileReference; lastKnownFileType = folder.assetcatalog; path = Assets.xcassets; sourceTree = "<group>"; };
		B0EE73791F74F87B00D9A52E /* Base */ = {isa = PBXFileReference; lastKnownFileType = file.storyboard; name = Base; path = Base.lproj/LaunchScreen.storyboard; sourceTree = "<group>"; };
		B0EE737B1F74F87B00D9A52E /* Info.plist */ = {isa = PBXFileReference; lastKnownFileType = text.plist.xml; path = Info.plist; sourceTree = "<group>"; };
		CA10F631DC7C183F86700222 /* Pods-NativeAdsSwift.debug.xcconfig */ = {isa = PBXFileReference; includeInIndex = 1; lastKnownFileType = text.xcconfig; name = "Pods-NativeAdsSwift.debug.xcconfig"; path = "Pods/Target Support Files/Pods-NativeAdsSwift/Pods-NativeAdsSwift.debug.xcconfig"; sourceTree = "<group>"; };
		D2520EFDD352131682380FD2 /* Pods-InterstitialAdsObjC.release.xcconfig */ = {isa = PBXFileReference; includeInIndex = 1; lastKnownFileType = text.xcconfig; name = "Pods-InterstitialAdsObjC.release.xcconfig"; path = "Pods/Target Support Files/Pods-InterstitialAdsObjC/Pods-InterstitialAdsObjC.release.xcconfig"; sourceTree = "<group>"; };
		D673650960CBE6AF4109A2D5 /* Pods_ADGSample.framework */ = {isa = PBXFileReference; explicitFileType = wrapper.framework; includeInIndex = 0; path = Pods_ADGSample.framework; sourceTree = BUILT_PRODUCTS_DIR; };
		D9248B643218C98A99BF1CBE /* Pods_NativeAdsObjC.framework */ = {isa = PBXFileReference; explicitFileType = wrapper.framework; includeInIndex = 0; path = Pods_NativeAdsObjC.framework; sourceTree = BUILT_PRODUCTS_DIR; };
		DD42B776C619F91A0EBD4167 /* Pods-InterstitialAdsObjC.debug.xcconfig */ = {isa = PBXFileReference; includeInIndex = 1; lastKnownFileType = text.xcconfig; name = "Pods-InterstitialAdsObjC.debug.xcconfig"; path = "Pods/Target Support Files/Pods-InterstitialAdsObjC/Pods-InterstitialAdsObjC.debug.xcconfig"; sourceTree = "<group>"; };
		EF6879068BC993E47C552F67 /* Pods_InterstitialAdsSwift.framework */ = {isa = PBXFileReference; explicitFileType = wrapper.framework; includeInIndex = 0; path = Pods_InterstitialAdsSwift.framework; sourceTree = BUILT_PRODUCTS_DIR; };
		F9643B95A87B034C8F5BDB09 /* Pods-BannerAdsObjC.release.xcconfig */ = {isa = PBXFileReference; includeInIndex = 1; lastKnownFileType = text.xcconfig; name = "Pods-BannerAdsObjC.release.xcconfig"; path = "Pods/Target Support Files/Pods-BannerAdsObjC/Pods-BannerAdsObjC.release.xcconfig"; sourceTree = "<group>"; };
/* End PBXFileReference section */

/* Begin PBXFrameworksBuildPhase section */
		B02FCC651F73C4A900D7C310 /* Frameworks */ = {
			isa = PBXFrameworksBuildPhase;
			buildActionMask = 2147483647;
			files = (
				DC6D580A034949ADA8A484EB /* Pods_BannerAdsSwift.framework in Frameworks */,
			);
			runOnlyForDeploymentPostprocessing = 0;
		};
		B02FCC7B1F73C50000D7C310 /* Frameworks */ = {
			isa = PBXFrameworksBuildPhase;
			buildActionMask = 2147483647;
			files = (
				15929F383F31A86485AA5235 /* Pods_BannerAdsObjC.framework in Frameworks */,
			);
			runOnlyForDeploymentPostprocessing = 0;
		};
		B02FCCB01F73CBDE00D7C310 /* Frameworks */ = {
			isa = PBXFrameworksBuildPhase;
			buildActionMask = 2147483647;
			files = (
				06DC96FF2D5320CE5E94C551 /* Pods_InterstitialAdsSwift.framework in Frameworks */,
			);
			runOnlyForDeploymentPostprocessing = 0;
		};
		B02FCCC61F73CBF200D7C310 /* Frameworks */ = {
			isa = PBXFrameworksBuildPhase;
			buildActionMask = 2147483647;
			files = (
				8E462CF903D9980ADCF569D7 /* Pods_NativeAdsObjC.framework in Frameworks */,
			);
			runOnlyForDeploymentPostprocessing = 0;
		};
		B02FCCE01F73CC0600D7C310 /* Frameworks */ = {
			isa = PBXFrameworksBuildPhase;
			buildActionMask = 2147483647;
			files = (
				1C765AC3589382BC667F8597 /* Pods_NativeAdsSwift.framework in Frameworks */,
			);
			runOnlyForDeploymentPostprocessing = 0;
		};
		B0EE73651F74F87B00D9A52E /* Frameworks */ = {
			isa = PBXFrameworksBuildPhase;
			buildActionMask = 2147483647;
			files = (
				33B3A1EDE58EDF834FB7DF9A /* Pods_InterstitialAdsObjC.framework in Frameworks */,
			);
			runOnlyForDeploymentPostprocessing = 0;
		};
/* End PBXFrameworksBuildPhase section */

/* Begin PBXGroup section */
		2A97E20205559B9B7959C87C /* Frameworks */ = {
			isa = PBXGroup;
			children = (
				D673650960CBE6AF4109A2D5 /* Pods_ADGSample.framework */,
				3C2F89ED7A8915E77EAA7676 /* Pods_BannerAdsObjC.framework */,
				1F9329FD9372BA0F16C1A285 /* Pods_BannerAdsSwift.framework */,
				72BDE91A0A39F62C960E006B /* Pods_InterstitialAdsObjC.framework */,
				EF6879068BC993E47C552F67 /* Pods_InterstitialAdsSwift.framework */,
				D9248B643218C98A99BF1CBE /* Pods_NativeAdsObjC.framework */,
				01316034C3B20C82BD756BE2 /* Pods_NativeAdsSwift.framework */,
			);
			name = Frameworks;
			sourceTree = "<group>";
		};
		B01556C61F752D970078E406 /* ADGNativeAdView */ = {
			isa = PBXGroup;
			children = (
				B01556CD1F752EC20078E406 /* ADGNativeAdView.h */,
				B01556CE1F752EC20078E406 /* ADGNativeAdView.m */,
				B01556D01F752ECF0078E406 /* ADGNativeAdView.xib */,
			);
			path = ADGNativeAdView;
			sourceTree = "<group>";
		};
		B01556D61F757AEC0078E406 /* ADGNativeAdView */ = {
			isa = PBXGroup;
			children = (
				B01556D71F757B0D0078E406 /* ADGNativeAdView.swift */,
				B01556D91F757B380078E406 /* ADGNativeAdView.xib */,
			);
			path = ADGNativeAdView;
			sourceTree = "<group>";
		};
		B02FCC1E1F73C41900D7C310 = {
			isa = PBXGroup;
			children = (
				B02FCC7F1F73C50000D7C310 /* BannerAdsObjC */,
				B02FCC691F73C4AA00D7C310 /* BannerAdsSwift */,
				B0EE73691F74F87B00D9A52E /* InterstitialAdsObjC */,
				B02FCCB41F73CBDE00D7C310 /* InterstitialAdsSwift */,
				B02FCCCA1F73CBF200D7C310 /* NativeAdsObjC */,
				B02FCCE41F73CC0600D7C310 /* NativeAdsSwift */,
				B02FCC281F73C41900D7C310 /* Products */,
				D4F3057F70A2B8F55D3DC898 /* Pods */,
				2A97E20205559B9B7959C87C /* Frameworks */,
			);
			sourceTree = "<group>";
		};
		B02FCC281F73C41900D7C310 /* Products */ = {
			isa = PBXGroup;
			children = (
				B02FCC681F73C4A900D7C310 /* BannerAdsSwift.app */,
				B02FCC7E1F73C50000D7C310 /* BannerAdsObjC.app */,
				B02FCCB31F73CBDE00D7C310 /* InterstitialAdsSwift.app */,
				B02FCCC91F73CBF200D7C310 /* NativeAdsObjC.app */,
				B02FCCE31F73CC0600D7C310 /* NativeAdsSwift.app */,
				B0EE73681F74F87B00D9A52E /* InterstitialAdsObjC.app */,
			);
			name = Products;
			sourceTree = "<group>";
		};
		B02FCC691F73C4AA00D7C310 /* BannerAdsSwift */ = {
			isa = PBXGroup;
			children = (
				B02FCC6A1F73C4AA00D7C310 /* AppDelegate.swift */,
				B02FCC6C1F73C4AA00D7C310 /* BannerAdsSwiftViewController.swift */,
				B02FCC6E1F73C4AA00D7C310 /* Main.storyboard */,
				B02FCC711F73C4AA00D7C310 /* Assets.xcassets */,
				B02FCC731F73C4AA00D7C310 /* LaunchScreen.storyboard */,
				B02FCC761F73C4AA00D7C310 /* Info.plist */,
			);
			path = BannerAdsSwift;
			sourceTree = "<group>";
		};
		B02FCC7F1F73C50000D7C310 /* BannerAdsObjC */ = {
			isa = PBXGroup;
			children = (
				B02FCC801F73C50000D7C310 /* AppDelegate.h */,
				B02FCC811F73C50000D7C310 /* AppDelegate.m */,
				B02FCC831F73C50000D7C310 /* BannerAdsObjCViewController.h */,
				B02FCC841F73C50000D7C310 /* BannerAdsObjCViewController.m */,
				B02FCC861F73C50000D7C310 /* Main.storyboard */,
				B02FCC891F73C50000D7C310 /* Assets.xcassets */,
				B02FCC8B1F73C50000D7C310 /* LaunchScreen.storyboard */,
				B02FCC8E1F73C50000D7C310 /* Info.plist */,
				B02FCC8F1F73C50000D7C310 /* main.m */,
			);
			path = BannerAdsObjC;
			sourceTree = "<group>";
		};
		B02FCCB41F73CBDE00D7C310 /* InterstitialAdsSwift */ = {
			isa = PBXGroup;
			children = (
				B02FCCB51F73CBDE00D7C310 /* AppDelegate.swift */,
				B02FCCB71F73CBDE00D7C310 /* InterstitialAdsSwiftViewController.swift */,
				B02FCCB91F73CBDE00D7C310 /* Main.storyboard */,
				B02FCCBC1F73CBDE00D7C310 /* Assets.xcassets */,
				B02FCCBE1F73CBDE00D7C310 /* LaunchScreen.storyboard */,
				B02FCCC11F73CBDE00D7C310 /* Info.plist */,
			);
			path = InterstitialAdsSwift;
			sourceTree = "<group>";
		};
		B02FCCCA1F73CBF200D7C310 /* NativeAdsObjC */ = {
			isa = PBXGroup;
			children = (
				B01556C61F752D970078E406 /* ADGNativeAdView */,
				B03C6DC81F78A32400F8F307 /* FBNativeAdCustomView */,
				B02FCCCB1F73CBF200D7C310 /* AppDelegate.h */,
				B02FCCCC1F73CBF200D7C310 /* AppDelegate.m */,
				B02FCCCE1F73CBF200D7C310 /* NativeAdsObjCViewController.h */,
				B02FCCCF1F73CBF200D7C310 /* NativeAdsObjCViewController.m */,
				B02FCCD11F73CBF200D7C310 /* Main.storyboard */,
				B02FCCD41F73CBF200D7C310 /* Assets.xcassets */,
				B02FCCD61F73CBF200D7C310 /* LaunchScreen.storyboard */,
				B02FCCD91F73CBF200D7C310 /* Info.plist */,
				B02FCCDA1F73CBF200D7C310 /* main.m */,
			);
			path = NativeAdsObjC;
			sourceTree = "<group>";
		};
		B02FCCE41F73CC0600D7C310 /* NativeAdsSwift */ = {
			isa = PBXGroup;
			children = (
				B01556D61F757AEC0078E406 /* ADGNativeAdView */,
				B03C6DCE1F78CBC300F8F307 /* FBNativeAdCustomView */,
				B02FCCE51F73CC0600D7C310 /* AppDelegate.swift */,
				B02FCCE71F73CC0600D7C310 /* NativeAdsSwiftViewController.swift */,
				B02FCCE91F73CC0600D7C310 /* Main.storyboard */,
				B02FCCEC1F73CC0600D7C310 /* Assets.xcassets */,
				B02FCCEE1F73CC0600D7C310 /* LaunchScreen.storyboard */,
				B02FCCF11F73CC0600D7C310 /* Info.plist */,
			);
			path = NativeAdsSwift;
			sourceTree = "<group>";
		};
		B03C6DC81F78A32400F8F307 /* FBNativeAdCustomView */ = {
			isa = PBXGroup;
			children = (
				B03C6DC91F78A34600F8F307 /* FBNativeAdCustomView.h */,
				B03C6DCA1F78A34600F8F307 /* FBNativeAdCustomView.m */,
				B03C6DCC1F78A35100F8F307 /* FBNativeAdCustomView.xib */,
			);
			path = FBNativeAdCustomView;
			sourceTree = "<group>";
		};
		B03C6DCE1F78CBC300F8F307 /* FBNativeAdCustomView */ = {
			isa = PBXGroup;
			children = (
				B03C6DCF1F78CBDF00F8F307 /* FBNativeAdCustomView.swift */,
				B03C6DD11F78CBFC00F8F307 /* FBNativeAdCustomView.xib */,
			);
			path = FBNativeAdCustomView;
			sourceTree = "<group>";
		};
		B0EE73691F74F87B00D9A52E /* InterstitialAdsObjC */ = {
			isa = PBXGroup;
			children = (
				B0EE736D1F74F87B00D9A52E /* AppDelegate.h */,
				B0EE736E1F74F87B00D9A52E /* AppDelegate.m */,
				B0EE73701F74F87B00D9A52E /* InterstitialAdsObjCViewController.h */,
				B0EE73711F74F87B00D9A52E /* InterstitialAdsObjCViewController.m */,
				B0EE73731F74F87B00D9A52E /* Main.storyboard */,
				B0EE73761F74F87B00D9A52E /* Assets.xcassets */,
				B0EE73781F74F87B00D9A52E /* LaunchScreen.storyboard */,
				B0EE737B1F74F87B00D9A52E /* Info.plist */,
				B0EE736A1F74F87B00D9A52E /* Supporting Files */,
			);
			path = InterstitialAdsObjC;
			sourceTree = "<group>";
		};
		B0EE736A1F74F87B00D9A52E /* Supporting Files */ = {
			isa = PBXGroup;
			children = (
				B0EE736B1F74F87B00D9A52E /* main.m */,
			);
			name = "Supporting Files";
			sourceTree = "<group>";
		};
		D4F3057F70A2B8F55D3DC898 /* Pods */ = {
			isa = PBXGroup;
			children = (
				5D7B36906C824E107A296CD0 /* Pods-ADGSample.debug.xcconfig */,
				1442E0A8A366F7627656A685 /* Pods-ADGSample.release.xcconfig */,
				49BE4DF0FD2100395FCAD7CB /* Pods-BannerAdsObjC.debug.xcconfig */,
				F9643B95A87B034C8F5BDB09 /* Pods-BannerAdsObjC.release.xcconfig */,
				B0797F243269F1CB77A10059 /* Pods-BannerAdsSwift.debug.xcconfig */,
				528F1FA82186D98B92DB3EF3 /* Pods-BannerAdsSwift.release.xcconfig */,
				DD42B776C619F91A0EBD4167 /* Pods-InterstitialAdsObjC.debug.xcconfig */,
				D2520EFDD352131682380FD2 /* Pods-InterstitialAdsObjC.release.xcconfig */,
				087DE63FD7210B81C827CDD1 /* Pods-InterstitialAdsSwift.debug.xcconfig */,
				788A07CA39A466FECE627F0C /* Pods-InterstitialAdsSwift.release.xcconfig */,
				15EA16852E4445AE75E1D451 /* Pods-NativeAdsObjC.debug.xcconfig */,
				08760E8D5ED59C27AD44B9D0 /* Pods-NativeAdsObjC.release.xcconfig */,
				CA10F631DC7C183F86700222 /* Pods-NativeAdsSwift.debug.xcconfig */,
				23DF24C0832158CDF6C92A23 /* Pods-NativeAdsSwift.release.xcconfig */,
			);
			name = Pods;
			sourceTree = "<group>";
		};
/* End PBXGroup section */

/* Begin PBXNativeTarget section */
		B02FCC671F73C4A900D7C310 /* BannerAdsSwift */ = {
			isa = PBXNativeTarget;
			buildConfigurationList = B02FCC771F73C4AA00D7C310 /* Build configuration list for PBXNativeTarget "BannerAdsSwift" */;
			buildPhases = (
				EA80DADA063C569E77B40965 /* [CP] Check Pods Manifest.lock */,
				B02FCC641F73C4A900D7C310 /* Sources */,
				B02FCC651F73C4A900D7C310 /* Frameworks */,
				B02FCC661F73C4A900D7C310 /* Resources */,
				46D86A691201708E7CEBB540 /* [CP] Embed Pods Frameworks */,
				CDA420DC60A8A3E807087703 /* [CP] Copy Pods Resources */,
			);
			buildRules = (
			);
			dependencies = (
			);
			name = BannerAdsSwift;
			productName = BannerAdsSwift;
			productReference = B02FCC681F73C4A900D7C310 /* BannerAdsSwift.app */;
			productType = "com.apple.product-type.application";
		};
		B02FCC7D1F73C50000D7C310 /* BannerAdsObjC */ = {
			isa = PBXNativeTarget;
			buildConfigurationList = B02FCC911F73C50000D7C310 /* Build configuration list for PBXNativeTarget "BannerAdsObjC" */;
			buildPhases = (
				EA3C784F243F18403982968B /* [CP] Check Pods Manifest.lock */,
				B02FCC7A1F73C50000D7C310 /* Sources */,
				B02FCC7B1F73C50000D7C310 /* Frameworks */,
				B02FCC7C1F73C50000D7C310 /* Resources */,
				D3AD90AE40F975FB5B439963 /* [CP] Embed Pods Frameworks */,
				B731AD260A85D0D8DE93A52F /* [CP] Copy Pods Resources */,
			);
			buildRules = (
			);
			dependencies = (
			);
			name = BannerAdsObjC;
			productName = BannerAdsObjC;
			productReference = B02FCC7E1F73C50000D7C310 /* BannerAdsObjC.app */;
			productType = "com.apple.product-type.application";
		};
		B02FCCB21F73CBDE00D7C310 /* InterstitialAdsSwift */ = {
			isa = PBXNativeTarget;
			buildConfigurationList = B02FCCC21F73CBDE00D7C310 /* Build configuration list for PBXNativeTarget "InterstitialAdsSwift" */;
			buildPhases = (
				3479D9EB2AE0D0DC5B41ECDE /* [CP] Check Pods Manifest.lock */,
				B02FCCAF1F73CBDE00D7C310 /* Sources */,
				B02FCCB01F73CBDE00D7C310 /* Frameworks */,
				B02FCCB11F73CBDE00D7C310 /* Resources */,
				1F12162AE124706FB7384727 /* [CP] Embed Pods Frameworks */,
				62E2BCBDE5C4BDD14D96B0CF /* [CP] Copy Pods Resources */,
			);
			buildRules = (
			);
			dependencies = (
			);
			name = InterstitialAdsSwift;
			productName = InterstitialAdsSwift;
			productReference = B02FCCB31F73CBDE00D7C310 /* InterstitialAdsSwift.app */;
			productType = "com.apple.product-type.application";
		};
		B02FCCC81F73CBF200D7C310 /* NativeAdsObjC */ = {
			isa = PBXNativeTarget;
			buildConfigurationList = B02FCCDC1F73CBF200D7C310 /* Build configuration list for PBXNativeTarget "NativeAdsObjC" */;
			buildPhases = (
				BA5AD690B862F22D236C7D6E /* [CP] Check Pods Manifest.lock */,
				B02FCCC51F73CBF200D7C310 /* Sources */,
				B02FCCC61F73CBF200D7C310 /* Frameworks */,
				B02FCCC71F73CBF200D7C310 /* Resources */,
				9CFA9365A0DD2947EE5F0A29 /* [CP] Embed Pods Frameworks */,
				55E1F0B00677FEDDB6D32DC1 /* [CP] Copy Pods Resources */,
			);
			buildRules = (
			);
			dependencies = (
			);
			name = NativeAdsObjC;
			productName = NativeAdsObjC;
			productReference = B02FCCC91F73CBF200D7C310 /* NativeAdsObjC.app */;
			productType = "com.apple.product-type.application";
		};
		B02FCCE21F73CC0600D7C310 /* NativeAdsSwift */ = {
			isa = PBXNativeTarget;
			buildConfigurationList = B02FCCF21F73CC0600D7C310 /* Build configuration list for PBXNativeTarget "NativeAdsSwift" */;
			buildPhases = (
				07796D61030F40AC5EAE82C8 /* [CP] Check Pods Manifest.lock */,
				B02FCCDF1F73CC0600D7C310 /* Sources */,
				B02FCCE01F73CC0600D7C310 /* Frameworks */,
				B02FCCE11F73CC0600D7C310 /* Resources */,
				59B3D5CB1AA54FA7FDA284B1 /* [CP] Embed Pods Frameworks */,
				1662F3B7EE9CDD65434D7585 /* [CP] Copy Pods Resources */,
			);
			buildRules = (
			);
			dependencies = (
			);
			name = NativeAdsSwift;
			productName = NativeAdsSwift;
			productReference = B02FCCE31F73CC0600D7C310 /* NativeAdsSwift.app */;
			productType = "com.apple.product-type.application";
		};
		B0EE73671F74F87B00D9A52E /* InterstitialAdsObjC */ = {
			isa = PBXNativeTarget;
			buildConfigurationList = B0EE737C1F74F87B00D9A52E /* Build configuration list for PBXNativeTarget "InterstitialAdsObjC" */;
			buildPhases = (
				AA153D7AB9E6039F7433A61A /* [CP] Check Pods Manifest.lock */,
				B0EE73641F74F87B00D9A52E /* Sources */,
				B0EE73651F74F87B00D9A52E /* Frameworks */,
				B0EE73661F74F87B00D9A52E /* Resources */,
				0CEE0948AEB8FE922CC0D0E6 /* [CP] Embed Pods Frameworks */,
				8543092707DCDF59645110CD /* [CP] Copy Pods Resources */,
			);
			buildRules = (
			);
			dependencies = (
			);
			name = InterstitialAdsObjC;
			productName = InterstitialAdsObjC;
			productReference = B0EE73681F74F87B00D9A52E /* InterstitialAdsObjC.app */;
			productType = "com.apple.product-type.application";
		};
/* End PBXNativeTarget section */

/* Begin PBXProject section */
		B02FCC1F1F73C41900D7C310 /* Project object */ = {
			isa = PBXProject;
			attributes = {
				LastSwiftUpdateCheck = 0900;
				LastUpgradeCheck = 0900;
				ORGANIZATIONNAME = "Supership Inc.";
				TargetAttributes = {
					B02FCC671F73C4A900D7C310 = {
						CreatedOnToolsVersion = 9.0;
						ProvisioningStyle = Automatic;
					};
					B02FCC7D1F73C50000D7C310 = {
						CreatedOnToolsVersion = 9.0;
						ProvisioningStyle = Automatic;
					};
					B02FCCB21F73CBDE00D7C310 = {
						CreatedOnToolsVersion = 9.0;
						ProvisioningStyle = Automatic;
					};
					B02FCCC81F73CBF200D7C310 = {
						CreatedOnToolsVersion = 9.0;
						ProvisioningStyle = Automatic;
					};
					B02FCCE21F73CC0600D7C310 = {
						CreatedOnToolsVersion = 9.0;
						ProvisioningStyle = Automatic;
					};
					B0EE73671F74F87B00D9A52E = {
						CreatedOnToolsVersion = 8.3.3;
						ProvisioningStyle = Automatic;
					};
				};
			};
			buildConfigurationList = B02FCC221F73C41900D7C310 /* Build configuration list for PBXProject "ADGSample" */;
			compatibilityVersion = "Xcode 8.0";
			developmentRegion = en;
			hasScannedForEncodings = 0;
			knownRegions = (
				en,
				Base,
			);
			mainGroup = B02FCC1E1F73C41900D7C310;
			productRefGroup = B02FCC281F73C41900D7C310 /* Products */;
			projectDirPath = "";
			projectRoot = "";
			targets = (
				B02FCC7D1F73C50000D7C310 /* BannerAdsObjC */,
				B02FCC671F73C4A900D7C310 /* BannerAdsSwift */,
				B0EE73671F74F87B00D9A52E /* InterstitialAdsObjC */,
				B02FCCB21F73CBDE00D7C310 /* InterstitialAdsSwift */,
				B02FCCC81F73CBF200D7C310 /* NativeAdsObjC */,
				B02FCCE21F73CC0600D7C310 /* NativeAdsSwift */,
			);
		};
/* End PBXProject section */

/* Begin PBXResourcesBuildPhase section */
		B02FCC661F73C4A900D7C310 /* Resources */ = {
			isa = PBXResourcesBuildPhase;
			buildActionMask = 2147483647;
			files = (
				B02FCC751F73C4AA00D7C310 /* LaunchScreen.storyboard in Resources */,
				B02FCC721F73C4AA00D7C310 /* Assets.xcassets in Resources */,
				B02FCC701F73C4AA00D7C310 /* Main.storyboard in Resources */,
			);
			runOnlyForDeploymentPostprocessing = 0;
		};
		B02FCC7C1F73C50000D7C310 /* Resources */ = {
			isa = PBXResourcesBuildPhase;
			buildActionMask = 2147483647;
			files = (
				B02FCC8D1F73C50000D7C310 /* LaunchScreen.storyboard in Resources */,
				B02FCC8A1F73C50000D7C310 /* Assets.xcassets in Resources */,
				B02FCC881F73C50000D7C310 /* Main.storyboard in Resources */,
			);
			runOnlyForDeploymentPostprocessing = 0;
		};
		B02FCCB11F73CBDE00D7C310 /* Resources */ = {
			isa = PBXResourcesBuildPhase;
			buildActionMask = 2147483647;
			files = (
				B02FCCC01F73CBDE00D7C310 /* LaunchScreen.storyboard in Resources */,
				B02FCCBD1F73CBDE00D7C310 /* Assets.xcassets in Resources */,
				B02FCCBB1F73CBDE00D7C310 /* Main.storyboard in Resources */,
			);
			runOnlyForDeploymentPostprocessing = 0;
		};
		B02FCCC71F73CBF200D7C310 /* Resources */ = {
			isa = PBXResourcesBuildPhase;
			buildActionMask = 2147483647;
			files = (
				B02FCCD81F73CBF200D7C310 /* LaunchScreen.storyboard in Resources */,
				B02FCCD51F73CBF200D7C310 /* Assets.xcassets in Resources */,
				B03C6DCD1F78A35100F8F307 /* FBNativeAdCustomView.xib in Resources */,
				B02FCCD31F73CBF200D7C310 /* Main.storyboard in Resources */,
				B01556D11F752ECF0078E406 /* ADGNativeAdView.xib in Resources */,
			);
			runOnlyForDeploymentPostprocessing = 0;
		};
		B02FCCE11F73CC0600D7C310 /* Resources */ = {
			isa = PBXResourcesBuildPhase;
			buildActionMask = 2147483647;
			files = (
				B02FCCF01F73CC0600D7C310 /* LaunchScreen.storyboard in Resources */,
				B02FCCED1F73CC0600D7C310 /* Assets.xcassets in Resources */,
				B02FCCEB1F73CC0600D7C310 /* Main.storyboard in Resources */,
				B01556DA1F757B380078E406 /* ADGNativeAdView.xib in Resources */,
				B03C6DD21F78CBFD00F8F307 /* FBNativeAdCustomView.xib in Resources */,
			);
			runOnlyForDeploymentPostprocessing = 0;
		};
		B0EE73661F74F87B00D9A52E /* Resources */ = {
			isa = PBXResourcesBuildPhase;
			buildActionMask = 2147483647;
			files = (
				B0EE737A1F74F87B00D9A52E /* LaunchScreen.storyboard in Resources */,
				B0EE73771F74F87B00D9A52E /* Assets.xcassets in Resources */,
				B0EE73751F74F87B00D9A52E /* Main.storyboard in Resources */,
			);
			runOnlyForDeploymentPostprocessing = 0;
		};
/* End PBXResourcesBuildPhase section */

/* Begin PBXShellScriptBuildPhase section */
		07796D61030F40AC5EAE82C8 /* [CP] Check Pods Manifest.lock */ = {
			isa = PBXShellScriptBuildPhase;
			buildActionMask = 2147483647;
			files = (
			);
			inputPaths = (
			);
			name = "[CP] Check Pods Manifest.lock";
			outputPaths = (
			);
			runOnlyForDeploymentPostprocessing = 0;
			shellPath = /bin/sh;
			shellScript = "diff \"${PODS_PODFILE_DIR_PATH}/Podfile.lock\" \"${PODS_ROOT}/Manifest.lock\" > /dev/null\nif [ $? != 0 ] ; then\n    # print error to STDERR\n    echo \"error: The sandbox is not in sync with the Podfile.lock. Run 'pod install' or update your CocoaPods installation.\" >&2\n    exit 1\nfi\n";
			showEnvVarsInLog = 0;
		};
		0CEE0948AEB8FE922CC0D0E6 /* [CP] Embed Pods Frameworks */ = {
			isa = PBXShellScriptBuildPhase;
			buildActionMask = 2147483647;
			files = (
			);
			inputPaths = (
			);
			name = "[CP] Embed Pods Frameworks";
			outputPaths = (
			);
			runOnlyForDeploymentPostprocessing = 0;
			shellPath = /bin/sh;
			shellScript = "\"${SRCROOT}/Pods/Target Support Files/Pods-InterstitialAdsObjC/Pods-InterstitialAdsObjC-frameworks.sh\"\n";
			showEnvVarsInLog = 0;
		};
		1662F3B7EE9CDD65434D7585 /* [CP] Copy Pods Resources */ = {
			isa = PBXShellScriptBuildPhase;
			buildActionMask = 2147483647;
			files = (
			);
			inputPaths = (
			);
			name = "[CP] Copy Pods Resources";
			outputPaths = (
			);
			runOnlyForDeploymentPostprocessing = 0;
			shellPath = /bin/sh;
			shellScript = "\"${SRCROOT}/Pods/Target Support Files/Pods-NativeAdsSwift/Pods-NativeAdsSwift-resources.sh\"\n";
			showEnvVarsInLog = 0;
		};
		1F12162AE124706FB7384727 /* [CP] Embed Pods Frameworks */ = {
			isa = PBXShellScriptBuildPhase;
			buildActionMask = 2147483647;
			files = (
			);
			inputPaths = (
			);
			name = "[CP] Embed Pods Frameworks";
			outputPaths = (
			);
			runOnlyForDeploymentPostprocessing = 0;
			shellPath = /bin/sh;
			shellScript = "\"${SRCROOT}/Pods/Target Support Files/Pods-InterstitialAdsSwift/Pods-InterstitialAdsSwift-frameworks.sh\"\n";
			showEnvVarsInLog = 0;
		};
		3479D9EB2AE0D0DC5B41ECDE /* [CP] Check Pods Manifest.lock */ = {
			isa = PBXShellScriptBuildPhase;
			buildActionMask = 2147483647;
			files = (
			);
			inputPaths = (
			);
			name = "[CP] Check Pods Manifest.lock";
			outputPaths = (
			);
			runOnlyForDeploymentPostprocessing = 0;
			shellPath = /bin/sh;
			shellScript = "diff \"${PODS_PODFILE_DIR_PATH}/Podfile.lock\" \"${PODS_ROOT}/Manifest.lock\" > /dev/null\nif [ $? != 0 ] ; then\n    # print error to STDERR\n    echo \"error: The sandbox is not in sync with the Podfile.lock. Run 'pod install' or update your CocoaPods installation.\" >&2\n    exit 1\nfi\n";
			showEnvVarsInLog = 0;
		};
		46D86A691201708E7CEBB540 /* [CP] Embed Pods Frameworks */ = {
			isa = PBXShellScriptBuildPhase;
			buildActionMask = 2147483647;
			files = (
			);
			inputPaths = (
			);
			name = "[CP] Embed Pods Frameworks";
			outputPaths = (
			);
			runOnlyForDeploymentPostprocessing = 0;
			shellPath = /bin/sh;
			shellScript = "\"${SRCROOT}/Pods/Target Support Files/Pods-BannerAdsSwift/Pods-BannerAdsSwift-frameworks.sh\"\n";
			showEnvVarsInLog = 0;
		};
		55E1F0B00677FEDDB6D32DC1 /* [CP] Copy Pods Resources */ = {
			isa = PBXShellScriptBuildPhase;
			buildActionMask = 2147483647;
			files = (
			);
			inputPaths = (
			);
			name = "[CP] Copy Pods Resources";
			outputPaths = (
			);
			runOnlyForDeploymentPostprocessing = 0;
			shellPath = /bin/sh;
			shellScript = "\"${SRCROOT}/Pods/Target Support Files/Pods-NativeAdsObjC/Pods-NativeAdsObjC-resources.sh\"\n";
			showEnvVarsInLog = 0;
		};
		59B3D5CB1AA54FA7FDA284B1 /* [CP] Embed Pods Frameworks */ = {
			isa = PBXShellScriptBuildPhase;
			buildActionMask = 2147483647;
			files = (
			);
			inputPaths = (
			);
			name = "[CP] Embed Pods Frameworks";
			outputPaths = (
			);
			runOnlyForDeploymentPostprocessing = 0;
			shellPath = /bin/sh;
			shellScript = "\"${SRCROOT}/Pods/Target Support Files/Pods-NativeAdsSwift/Pods-NativeAdsSwift-frameworks.sh\"\n";
			showEnvVarsInLog = 0;
		};
		62E2BCBDE5C4BDD14D96B0CF /* [CP] Copy Pods Resources */ = {
			isa = PBXShellScriptBuildPhase;
			buildActionMask = 2147483647;
			files = (
			);
			inputPaths = (
			);
			name = "[CP] Copy Pods Resources";
			outputPaths = (
			);
			runOnlyForDeploymentPostprocessing = 0;
			shellPath = /bin/sh;
			shellScript = "\"${SRCROOT}/Pods/Target Support Files/Pods-InterstitialAdsSwift/Pods-InterstitialAdsSwift-resources.sh\"\n";
			showEnvVarsInLog = 0;
		};
		8543092707DCDF59645110CD /* [CP] Copy Pods Resources */ = {
			isa = PBXShellScriptBuildPhase;
			buildActionMask = 2147483647;
			files = (
			);
			inputPaths = (
			);
			name = "[CP] Copy Pods Resources";
			outputPaths = (
			);
			runOnlyForDeploymentPostprocessing = 0;
			shellPath = /bin/sh;
			shellScript = "\"${SRCROOT}/Pods/Target Support Files/Pods-InterstitialAdsObjC/Pods-InterstitialAdsObjC-resources.sh\"\n";
			showEnvVarsInLog = 0;
		};
		9CFA9365A0DD2947EE5F0A29 /* [CP] Embed Pods Frameworks */ = {
			isa = PBXShellScriptBuildPhase;
			buildActionMask = 2147483647;
			files = (
			);
			inputPaths = (
			);
			name = "[CP] Embed Pods Frameworks";
			outputPaths = (
			);
			runOnlyForDeploymentPostprocessing = 0;
			shellPath = /bin/sh;
			shellScript = "\"${SRCROOT}/Pods/Target Support Files/Pods-NativeAdsObjC/Pods-NativeAdsObjC-frameworks.sh\"\n";
			showEnvVarsInLog = 0;
		};
		AA153D7AB9E6039F7433A61A /* [CP] Check Pods Manifest.lock */ = {
			isa = PBXShellScriptBuildPhase;
			buildActionMask = 2147483647;
			files = (
			);
			inputPaths = (
			);
			name = "[CP] Check Pods Manifest.lock";
			outputPaths = (
			);
			runOnlyForDeploymentPostprocessing = 0;
			shellPath = /bin/sh;
			shellScript = "diff \"${PODS_PODFILE_DIR_PATH}/Podfile.lock\" \"${PODS_ROOT}/Manifest.lock\" > /dev/null\nif [ $? != 0 ] ; then\n    # print error to STDERR\n    echo \"error: The sandbox is not in sync with the Podfile.lock. Run 'pod install' or update your CocoaPods installation.\" >&2\n    exit 1\nfi\n";
			showEnvVarsInLog = 0;
		};
		B731AD260A85D0D8DE93A52F /* [CP] Copy Pods Resources */ = {
			isa = PBXShellScriptBuildPhase;
			buildActionMask = 2147483647;
			files = (
			);
			inputPaths = (
			);
			name = "[CP] Copy Pods Resources";
			outputPaths = (
			);
			runOnlyForDeploymentPostprocessing = 0;
			shellPath = /bin/sh;
			shellScript = "\"${SRCROOT}/Pods/Target Support Files/Pods-BannerAdsObjC/Pods-BannerAdsObjC-resources.sh\"\n";
			showEnvVarsInLog = 0;
		};
		BA5AD690B862F22D236C7D6E /* [CP] Check Pods Manifest.lock */ = {
			isa = PBXShellScriptBuildPhase;
			buildActionMask = 2147483647;
			files = (
			);
			inputPaths = (
			);
			name = "[CP] Check Pods Manifest.lock";
			outputPaths = (
			);
			runOnlyForDeploymentPostprocessing = 0;
			shellPath = /bin/sh;
			shellScript = "diff \"${PODS_PODFILE_DIR_PATH}/Podfile.lock\" \"${PODS_ROOT}/Manifest.lock\" > /dev/null\nif [ $? != 0 ] ; then\n    # print error to STDERR\n    echo \"error: The sandbox is not in sync with the Podfile.lock. Run 'pod install' or update your CocoaPods installation.\" >&2\n    exit 1\nfi\n";
			showEnvVarsInLog = 0;
		};
		CDA420DC60A8A3E807087703 /* [CP] Copy Pods Resources */ = {
			isa = PBXShellScriptBuildPhase;
			buildActionMask = 2147483647;
			files = (
			);
			inputPaths = (
			);
			name = "[CP] Copy Pods Resources";
			outputPaths = (
			);
			runOnlyForDeploymentPostprocessing = 0;
			shellPath = /bin/sh;
			shellScript = "\"${SRCROOT}/Pods/Target Support Files/Pods-BannerAdsSwift/Pods-BannerAdsSwift-resources.sh\"\n";
			showEnvVarsInLog = 0;
		};
		D3AD90AE40F975FB5B439963 /* [CP] Embed Pods Frameworks */ = {
			isa = PBXShellScriptBuildPhase;
			buildActionMask = 2147483647;
			files = (
			);
			inputPaths = (
			);
			name = "[CP] Embed Pods Frameworks";
			outputPaths = (
			);
			runOnlyForDeploymentPostprocessing = 0;
			shellPath = /bin/sh;
			shellScript = "\"${SRCROOT}/Pods/Target Support Files/Pods-BannerAdsObjC/Pods-BannerAdsObjC-frameworks.sh\"\n";
			showEnvVarsInLog = 0;
		};
		EA3C784F243F18403982968B /* [CP] Check Pods Manifest.lock */ = {
			isa = PBXShellScriptBuildPhase;
			buildActionMask = 2147483647;
			files = (
			);
			inputPaths = (
			);
			name = "[CP] Check Pods Manifest.lock";
			outputPaths = (
			);
			runOnlyForDeploymentPostprocessing = 0;
			shellPath = /bin/sh;
			shellScript = "diff \"${PODS_PODFILE_DIR_PATH}/Podfile.lock\" \"${PODS_ROOT}/Manifest.lock\" > /dev/null\nif [ $? != 0 ] ; then\n    # print error to STDERR\n    echo \"error: The sandbox is not in sync with the Podfile.lock. Run 'pod install' or update your CocoaPods installation.\" >&2\n    exit 1\nfi\n";
			showEnvVarsInLog = 0;
		};
		EA80DADA063C569E77B40965 /* [CP] Check Pods Manifest.lock */ = {
			isa = PBXShellScriptBuildPhase;
			buildActionMask = 2147483647;
			files = (
			);
			inputPaths = (
			);
			name = "[CP] Check Pods Manifest.lock";
			outputPaths = (
			);
			runOnlyForDeploymentPostprocessing = 0;
			shellPath = /bin/sh;
			shellScript = "diff \"${PODS_PODFILE_DIR_PATH}/Podfile.lock\" \"${PODS_ROOT}/Manifest.lock\" > /dev/null\nif [ $? != 0 ] ; then\n    # print error to STDERR\n    echo \"error: The sandbox is not in sync with the Podfile.lock. Run 'pod install' or update your CocoaPods installation.\" >&2\n    exit 1\nfi\n";
			showEnvVarsInLog = 0;
		};
/* End PBXShellScriptBuildPhase section */

/* Begin PBXSourcesBuildPhase section */
		B02FCC641F73C4A900D7C310 /* Sources */ = {
			isa = PBXSourcesBuildPhase;
			buildActionMask = 2147483647;
			files = (
				B02FCC6D1F73C4AA00D7C310 /* BannerAdsSwiftViewController.swift in Sources */,
				B02FCC6B1F73C4AA00D7C310 /* AppDelegate.swift in Sources */,
			);
			runOnlyForDeploymentPostprocessing = 0;
		};
		B02FCC7A1F73C50000D7C310 /* Sources */ = {
			isa = PBXSourcesBuildPhase;
			buildActionMask = 2147483647;
			files = (
				B02FCC851F73C50000D7C310 /* BannerAdsObjCViewController.m in Sources */,
				B02FCC901F73C50000D7C310 /* main.m in Sources */,
				B02FCC821F73C50000D7C310 /* AppDelegate.m in Sources */,
			);
			runOnlyForDeploymentPostprocessing = 0;
		};
		B02FCCAF1F73CBDE00D7C310 /* Sources */ = {
			isa = PBXSourcesBuildPhase;
			buildActionMask = 2147483647;
			files = (
				B02FCCB81F73CBDE00D7C310 /* InterstitialAdsSwiftViewController.swift in Sources */,
				B02FCCB61F73CBDE00D7C310 /* AppDelegate.swift in Sources */,
			);
			runOnlyForDeploymentPostprocessing = 0;
		};
		B02FCCC51F73CBF200D7C310 /* Sources */ = {
			isa = PBXSourcesBuildPhase;
			buildActionMask = 2147483647;
			files = (
				B02FCCD01F73CBF200D7C310 /* NativeAdsObjCViewController.m in Sources */,
				B02FCCDB1F73CBF200D7C310 /* main.m in Sources */,
				B02FCCCD1F73CBF200D7C310 /* AppDelegate.m in Sources */,
				B03C6DCB1F78A34600F8F307 /* FBNativeAdCustomView.m in Sources */,
				B01556CF1F752EC20078E406 /* ADGNativeAdView.m in Sources */,
			);
			runOnlyForDeploymentPostprocessing = 0;
		};
		B02FCCDF1F73CC0600D7C310 /* Sources */ = {
			isa = PBXSourcesBuildPhase;
			buildActionMask = 2147483647;
			files = (
				B01556D81F757B0D0078E406 /* ADGNativeAdView.swift in Sources */,
				B02FCCE81F73CC0600D7C310 /* NativeAdsSwiftViewController.swift in Sources */,
				B02FCCE61F73CC0600D7C310 /* AppDelegate.swift in Sources */,
				B03C6DD01F78CBDF00F8F307 /* FBNativeAdCustomView.swift in Sources */,
			);
			runOnlyForDeploymentPostprocessing = 0;
		};
		B0EE73641F74F87B00D9A52E /* Sources */ = {
			isa = PBXSourcesBuildPhase;
			buildActionMask = 2147483647;
			files = (
				B0EE73721F74F87B00D9A52E /* InterstitialAdsObjCViewController.m in Sources */,
				B0EE736F1F74F87B00D9A52E /* AppDelegate.m in Sources */,
				B0EE736C1F74F87B00D9A52E /* main.m in Sources */,
			);
			runOnlyForDeploymentPostprocessing = 0;
		};
/* End PBXSourcesBuildPhase section */

/* Begin PBXVariantGroup section */
		B02FCC6E1F73C4AA00D7C310 /* Main.storyboard */ = {
			isa = PBXVariantGroup;
			children = (
				B02FCC6F1F73C4AA00D7C310 /* Base */,
			);
			name = Main.storyboard;
			sourceTree = "<group>";
		};
		B02FCC731F73C4AA00D7C310 /* LaunchScreen.storyboard */ = {
			isa = PBXVariantGroup;
			children = (
				B02FCC741F73C4AA00D7C310 /* Base */,
			);
			name = LaunchScreen.storyboard;
			sourceTree = "<group>";
		};
		B02FCC861F73C50000D7C310 /* Main.storyboard */ = {
			isa = PBXVariantGroup;
			children = (
				B02FCC871F73C50000D7C310 /* Base */,
			);
			name = Main.storyboard;
			sourceTree = "<group>";
		};
		B02FCC8B1F73C50000D7C310 /* LaunchScreen.storyboard */ = {
			isa = PBXVariantGroup;
			children = (
				B02FCC8C1F73C50000D7C310 /* Base */,
			);
			name = LaunchScreen.storyboard;
			sourceTree = "<group>";
		};
		B02FCCB91F73CBDE00D7C310 /* Main.storyboard */ = {
			isa = PBXVariantGroup;
			children = (
				B02FCCBA1F73CBDE00D7C310 /* Base */,
			);
			name = Main.storyboard;
			sourceTree = "<group>";
		};
		B02FCCBE1F73CBDE00D7C310 /* LaunchScreen.storyboard */ = {
			isa = PBXVariantGroup;
			children = (
				B02FCCBF1F73CBDE00D7C310 /* Base */,
			);
			name = LaunchScreen.storyboard;
			sourceTree = "<group>";
		};
		B02FCCD11F73CBF200D7C310 /* Main.storyboard */ = {
			isa = PBXVariantGroup;
			children = (
				B02FCCD21F73CBF200D7C310 /* Base */,
			);
			name = Main.storyboard;
			sourceTree = "<group>";
		};
		B02FCCD61F73CBF200D7C310 /* LaunchScreen.storyboard */ = {
			isa = PBXVariantGroup;
			children = (
				B02FCCD71F73CBF200D7C310 /* Base */,
			);
			name = LaunchScreen.storyboard;
			sourceTree = "<group>";
		};
		B02FCCE91F73CC0600D7C310 /* Main.storyboard */ = {
			isa = PBXVariantGroup;
			children = (
				B02FCCEA1F73CC0600D7C310 /* Base */,
			);
			name = Main.storyboard;
			sourceTree = "<group>";
		};
		B02FCCEE1F73CC0600D7C310 /* LaunchScreen.storyboard */ = {
			isa = PBXVariantGroup;
			children = (
				B02FCCEF1F73CC0600D7C310 /* Base */,
			);
			name = LaunchScreen.storyboard;
			sourceTree = "<group>";
		};
		B0EE73731F74F87B00D9A52E /* Main.storyboard */ = {
			isa = PBXVariantGroup;
			children = (
				B0EE73741F74F87B00D9A52E /* Base */,
			);
			name = Main.storyboard;
			sourceTree = "<group>";
		};
		B0EE73781F74F87B00D9A52E /* LaunchScreen.storyboard */ = {
			isa = PBXVariantGroup;
			children = (
				B0EE73791F74F87B00D9A52E /* Base */,
			);
			name = LaunchScreen.storyboard;
			sourceTree = "<group>";
		};
/* End PBXVariantGroup section */

/* Begin XCBuildConfiguration section */
		B02FCC371F73C41900D7C310 /* Debug */ = {
			isa = XCBuildConfiguration;
			buildSettings = {
				ALWAYS_SEARCH_USER_PATHS = NO;
				CLANG_ANALYZER_NONNULL = YES;
				CLANG_ANALYZER_NUMBER_OBJECT_CONVERSION = YES_AGGRESSIVE;
				CLANG_CXX_LANGUAGE_STANDARD = "gnu++14";
				CLANG_CXX_LIBRARY = "libc++";
				CLANG_ENABLE_MODULES = YES;
				CLANG_ENABLE_OBJC_ARC = YES;
				CLANG_WARN_BLOCK_CAPTURE_AUTORELEASING = YES;
				CLANG_WARN_BOOL_CONVERSION = YES;
				CLANG_WARN_COMMA = YES;
				CLANG_WARN_CONSTANT_CONVERSION = YES;
				CLANG_WARN_DIRECT_OBJC_ISA_USAGE = YES_ERROR;
				CLANG_WARN_DOCUMENTATION_COMMENTS = YES;
				CLANG_WARN_EMPTY_BODY = YES;
				CLANG_WARN_ENUM_CONVERSION = YES;
				CLANG_WARN_INFINITE_RECURSION = YES;
				CLANG_WARN_INT_CONVERSION = YES;
				CLANG_WARN_NON_LITERAL_NULL_CONVERSION = YES;
				CLANG_WARN_OBJC_LITERAL_CONVERSION = YES;
				CLANG_WARN_OBJC_ROOT_CLASS = YES_ERROR;
				CLANG_WARN_RANGE_LOOP_ANALYSIS = YES;
				CLANG_WARN_STRICT_PROTOTYPES = YES;
				CLANG_WARN_SUSPICIOUS_MOVE = YES;
				CLANG_WARN_UNGUARDED_AVAILABILITY = YES_AGGRESSIVE;
				CLANG_WARN_UNREACHABLE_CODE = YES;
				CLANG_WARN__DUPLICATE_METHOD_MATCH = YES;
				CODE_SIGN_IDENTITY = "iPhone Developer";
				COPY_PHASE_STRIP = NO;
				DEBUG_INFORMATION_FORMAT = dwarf;
				ENABLE_STRICT_OBJC_MSGSEND = YES;
				ENABLE_TESTABILITY = YES;
				GCC_C_LANGUAGE_STANDARD = gnu11;
				GCC_DYNAMIC_NO_PIC = NO;
				GCC_NO_COMMON_BLOCKS = YES;
				GCC_OPTIMIZATION_LEVEL = 0;
				GCC_PREPROCESSOR_DEFINITIONS = (
					"DEBUG=1",
					"$(inherited)",
				);
				GCC_WARN_64_TO_32_BIT_CONVERSION = YES;
				GCC_WARN_ABOUT_RETURN_TYPE = YES_ERROR;
				GCC_WARN_UNDECLARED_SELECTOR = YES;
				GCC_WARN_UNINITIALIZED_AUTOS = YES_AGGRESSIVE;
				GCC_WARN_UNUSED_FUNCTION = YES;
				GCC_WARN_UNUSED_VARIABLE = YES;
				IPHONEOS_DEPLOYMENT_TARGET = 9.0;
				MTL_ENABLE_DEBUG_INFO = YES;
				ONLY_ACTIVE_ARCH = YES;
				SDKROOT = iphoneos;
				SWIFT_ACTIVE_COMPILATION_CONDITIONS = DEBUG;
				SWIFT_OPTIMIZATION_LEVEL = "-Onone";
			};
			name = Debug;
		};
		B02FCC381F73C41900D7C310 /* Release */ = {
			isa = XCBuildConfiguration;
			buildSettings = {
				ALWAYS_SEARCH_USER_PATHS = NO;
				CLANG_ANALYZER_NONNULL = YES;
				CLANG_ANALYZER_NUMBER_OBJECT_CONVERSION = YES_AGGRESSIVE;
				CLANG_CXX_LANGUAGE_STANDARD = "gnu++14";
				CLANG_CXX_LIBRARY = "libc++";
				CLANG_ENABLE_MODULES = YES;
				CLANG_ENABLE_OBJC_ARC = YES;
				CLANG_WARN_BLOCK_CAPTURE_AUTORELEASING = YES;
				CLANG_WARN_BOOL_CONVERSION = YES;
				CLANG_WARN_COMMA = YES;
				CLANG_WARN_CONSTANT_CONVERSION = YES;
				CLANG_WARN_DIRECT_OBJC_ISA_USAGE = YES_ERROR;
				CLANG_WARN_DOCUMENTATION_COMMENTS = YES;
				CLANG_WARN_EMPTY_BODY = YES;
				CLANG_WARN_ENUM_CONVERSION = YES;
				CLANG_WARN_INFINITE_RECURSION = YES;
				CLANG_WARN_INT_CONVERSION = YES;
				CLANG_WARN_NON_LITERAL_NULL_CONVERSION = YES;
				CLANG_WARN_OBJC_LITERAL_CONVERSION = YES;
				CLANG_WARN_OBJC_ROOT_CLASS = YES_ERROR;
				CLANG_WARN_RANGE_LOOP_ANALYSIS = YES;
				CLANG_WARN_STRICT_PROTOTYPES = YES;
				CLANG_WARN_SUSPICIOUS_MOVE = YES;
				CLANG_WARN_UNGUARDED_AVAILABILITY = YES_AGGRESSIVE;
				CLANG_WARN_UNREACHABLE_CODE = YES;
				CLANG_WARN__DUPLICATE_METHOD_MATCH = YES;
				CODE_SIGN_IDENTITY = "iPhone Developer";
				COPY_PHASE_STRIP = NO;
				DEBUG_INFORMATION_FORMAT = "dwarf-with-dsym";
				ENABLE_NS_ASSERTIONS = NO;
				ENABLE_STRICT_OBJC_MSGSEND = YES;
				GCC_C_LANGUAGE_STANDARD = gnu11;
				GCC_NO_COMMON_BLOCKS = YES;
				GCC_WARN_64_TO_32_BIT_CONVERSION = YES;
				GCC_WARN_ABOUT_RETURN_TYPE = YES_ERROR;
				GCC_WARN_UNDECLARED_SELECTOR = YES;
				GCC_WARN_UNINITIALIZED_AUTOS = YES_AGGRESSIVE;
				GCC_WARN_UNUSED_FUNCTION = YES;
				GCC_WARN_UNUSED_VARIABLE = YES;
				IPHONEOS_DEPLOYMENT_TARGET = 9.0;
				MTL_ENABLE_DEBUG_INFO = NO;
				SDKROOT = iphoneos;
				SWIFT_OPTIMIZATION_LEVEL = "-Owholemodule";
				VALIDATE_PRODUCT = YES;
			};
			name = Release;
		};
		B02FCC781F73C4AA00D7C310 /* Debug */ = {
			isa = XCBuildConfiguration;
			baseConfigurationReference = B0797F243269F1CB77A10059 /* Pods-BannerAdsSwift.debug.xcconfig */;
			buildSettings = {
				ASSETCATALOG_COMPILER_APPICON_NAME = AppIcon;
				CODE_SIGN_STYLE = Automatic;
				INFOPLIST_FILE = BannerAdsSwift/Info.plist;
				LD_RUNPATH_SEARCH_PATHS = "$(inherited) @executable_path/Frameworks";
				PRODUCT_BUNDLE_IDENTIFIER = jp.supership.BannerAdsSwift;
				PRODUCT_NAME = "$(TARGET_NAME)";
				SWIFT_VERSION = 4.0;
				TARGETED_DEVICE_FAMILY = "1,2";
			};
			name = Debug;
		};
		B02FCC791F73C4AA00D7C310 /* Release */ = {
			isa = XCBuildConfiguration;
			baseConfigurationReference = 528F1FA82186D98B92DB3EF3 /* Pods-BannerAdsSwift.release.xcconfig */;
			buildSettings = {
				ASSETCATALOG_COMPILER_APPICON_NAME = AppIcon;
				CODE_SIGN_STYLE = Automatic;
				INFOPLIST_FILE = BannerAdsSwift/Info.plist;
				LD_RUNPATH_SEARCH_PATHS = "$(inherited) @executable_path/Frameworks";
				PRODUCT_BUNDLE_IDENTIFIER = jp.supership.BannerAdsSwift;
				PRODUCT_NAME = "$(TARGET_NAME)";
				SWIFT_VERSION = 4.0;
				TARGETED_DEVICE_FAMILY = "1,2";
			};
			name = Release;
		};
		B02FCC921F73C50000D7C310 /* Debug */ = {
			isa = XCBuildConfiguration;
			baseConfigurationReference = 49BE4DF0FD2100395FCAD7CB /* Pods-BannerAdsObjC.debug.xcconfig */;
			buildSettings = {
				ASSETCATALOG_COMPILER_APPICON_NAME = AppIcon;
				CODE_SIGN_STYLE = Automatic;
				INFOPLIST_FILE = BannerAdsObjC/Info.plist;
				LD_RUNPATH_SEARCH_PATHS = "$(inherited) @executable_path/Frameworks";
				PRODUCT_BUNDLE_IDENTIFIER = jp.supership.BannerAdsObjC;
				PRODUCT_NAME = "$(TARGET_NAME)";
				TARGETED_DEVICE_FAMILY = "1,2";
			};
			name = Debug;
		};
		B02FCC931F73C50000D7C310 /* Release */ = {
			isa = XCBuildConfiguration;
			baseConfigurationReference = F9643B95A87B034C8F5BDB09 /* Pods-BannerAdsObjC.release.xcconfig */;
			buildSettings = {
				ASSETCATALOG_COMPILER_APPICON_NAME = AppIcon;
				CODE_SIGN_STYLE = Automatic;
				INFOPLIST_FILE = BannerAdsObjC/Info.plist;
				LD_RUNPATH_SEARCH_PATHS = "$(inherited) @executable_path/Frameworks";
				PRODUCT_BUNDLE_IDENTIFIER = jp.supership.BannerAdsObjC;
				PRODUCT_NAME = "$(TARGET_NAME)";
				TARGETED_DEVICE_FAMILY = "1,2";
			};
			name = Release;
		};
		B02FCCC31F73CBDE00D7C310 /* Debug */ = {
			isa = XCBuildConfiguration;
			baseConfigurationReference = 087DE63FD7210B81C827CDD1 /* Pods-InterstitialAdsSwift.debug.xcconfig */;
			buildSettings = {
				ASSETCATALOG_COMPILER_APPICON_NAME = AppIcon;
				CODE_SIGN_STYLE = Automatic;
				INFOPLIST_FILE = InterstitialAdsSwift/Info.plist;
				LD_RUNPATH_SEARCH_PATHS = "$(inherited) @executable_path/Frameworks";
				PRODUCT_BUNDLE_IDENTIFIER = jp.supership.InterstitialAdsSwift;
				PRODUCT_NAME = "$(TARGET_NAME)";
				SWIFT_VERSION = 4.0;
				TARGETED_DEVICE_FAMILY = "1,2";
			};
			name = Debug;
		};
		B02FCCC41F73CBDE00D7C310 /* Release */ = {
			isa = XCBuildConfiguration;
			baseConfigurationReference = 788A07CA39A466FECE627F0C /* Pods-InterstitialAdsSwift.release.xcconfig */;
			buildSettings = {
				ASSETCATALOG_COMPILER_APPICON_NAME = AppIcon;
				CODE_SIGN_STYLE = Automatic;
				INFOPLIST_FILE = InterstitialAdsSwift/Info.plist;
				LD_RUNPATH_SEARCH_PATHS = "$(inherited) @executable_path/Frameworks";
				PRODUCT_BUNDLE_IDENTIFIER = jp.supership.InterstitialAdsSwift;
				PRODUCT_NAME = "$(TARGET_NAME)";
				SWIFT_VERSION = 4.0;
				TARGETED_DEVICE_FAMILY = "1,2";
			};
			name = Release;
		};
		B02FCCDD1F73CBF200D7C310 /* Debug */ = {
			isa = XCBuildConfiguration;
			baseConfigurationReference = 15EA16852E4445AE75E1D451 /* Pods-NativeAdsObjC.debug.xcconfig */;
			buildSettings = {
				ASSETCATALOG_COMPILER_APPICON_NAME = AppIcon;
				CODE_SIGN_STYLE = Automatic;
				DEVELOPMENT_TEAM = "";
				INFOPLIST_FILE = NativeAdsObjC/Info.plist;
				LD_RUNPATH_SEARCH_PATHS = "$(inherited) @executable_path/Frameworks";
				PRODUCT_BUNDLE_IDENTIFIER = jp.supership.NativeAdsObjC;
				PRODUCT_NAME = "$(TARGET_NAME)";
				TARGETED_DEVICE_FAMILY = "1,2";
			};
			name = Debug;
		};
		B02FCCDE1F73CBF200D7C310 /* Release */ = {
			isa = XCBuildConfiguration;
			baseConfigurationReference = 08760E8D5ED59C27AD44B9D0 /* Pods-NativeAdsObjC.release.xcconfig */;
			buildSettings = {
				ASSETCATALOG_COMPILER_APPICON_NAME = AppIcon;
				CODE_SIGN_STYLE = Automatic;
				DEVELOPMENT_TEAM = "";
				INFOPLIST_FILE = NativeAdsObjC/Info.plist;
				LD_RUNPATH_SEARCH_PATHS = "$(inherited) @executable_path/Frameworks";
				PRODUCT_BUNDLE_IDENTIFIER = jp.supership.NativeAdsObjC;
				PRODUCT_NAME = "$(TARGET_NAME)";
				TARGETED_DEVICE_FAMILY = "1,2";
			};
			name = Release;
		};
		B02FCCF31F73CC0600D7C310 /* Debug */ = {
			isa = XCBuildConfiguration;
			baseConfigurationReference = CA10F631DC7C183F86700222 /* Pods-NativeAdsSwift.debug.xcconfig */;
			buildSettings = {
				ASSETCATALOG_COMPILER_APPICON_NAME = AppIcon;
				CODE_SIGN_STYLE = Automatic;
				DEVELOPMENT_TEAM = "";
				INFOPLIST_FILE = NativeAdsSwift/Info.plist;
				LD_RUNPATH_SEARCH_PATHS = "$(inherited) @executable_path/Frameworks";
				PRODUCT_BUNDLE_IDENTIFIER = jp.supership.NativeAdsSwift;
				PRODUCT_NAME = "$(TARGET_NAME)";
				SWIFT_VERSION = 4.0;
				TARGETED_DEVICE_FAMILY = "1,2";
			};
			name = Debug;
		};
		B02FCCF41F73CC0600D7C310 /* Release */ = {
			isa = XCBuildConfiguration;
			baseConfigurationReference = 23DF24C0832158CDF6C92A23 /* Pods-NativeAdsSwift.release.xcconfig */;
			buildSettings = {
				ASSETCATALOG_COMPILER_APPICON_NAME = AppIcon;
				CODE_SIGN_STYLE = Automatic;
				DEVELOPMENT_TEAM = "";
				INFOPLIST_FILE = NativeAdsSwift/Info.plist;
				LD_RUNPATH_SEARCH_PATHS = "$(inherited) @executable_path/Frameworks";
				PRODUCT_BUNDLE_IDENTIFIER = jp.supership.NativeAdsSwift;
				PRODUCT_NAME = "$(TARGET_NAME)";
				SWIFT_VERSION = 4.0;
				TARGETED_DEVICE_FAMILY = "1,2";
			};
			name = Release;
		};
		B0EE737D1F74F87B00D9A52E /* Debug */ = {
			isa = XCBuildConfiguration;
			baseConfigurationReference = DD42B776C619F91A0EBD4167 /* Pods-InterstitialAdsObjC.debug.xcconfig */;
			buildSettings = {
				ASSETCATALOG_COMPILER_APPICON_NAME = AppIcon;
				CLANG_CXX_LANGUAGE_STANDARD = "gnu++0x";
				"CODE_SIGN_IDENTITY[sdk=iphoneos*]" = "iPhone Developer";
				GCC_C_LANGUAGE_STANDARD = gnu99;
				INFOPLIST_FILE = InterstitialAdsObjC/Info.plist;
				LD_RUNPATH_SEARCH_PATHS = "$(inherited) @executable_path/Frameworks";
				PRODUCT_BUNDLE_IDENTIFIER = jp.supership.InterstitialAdsObjC;
				PRODUCT_NAME = "$(TARGET_NAME)";
				TARGETED_DEVICE_FAMILY = "1,2";
			};
			name = Debug;
		};
		B0EE737E1F74F87B00D9A52E /* Release */ = {
			isa = XCBuildConfiguration;
			baseConfigurationReference = D2520EFDD352131682380FD2 /* Pods-InterstitialAdsObjC.release.xcconfig */;
			buildSettings = {
				ASSETCATALOG_COMPILER_APPICON_NAME = AppIcon;
				CLANG_CXX_LANGUAGE_STANDARD = "gnu++0x";
				"CODE_SIGN_IDENTITY[sdk=iphoneos*]" = "iPhone Developer";
				GCC_C_LANGUAGE_STANDARD = gnu99;
				INFOPLIST_FILE = InterstitialAdsObjC/Info.plist;
				LD_RUNPATH_SEARCH_PATHS = "$(inherited) @executable_path/Frameworks";
				PRODUCT_BUNDLE_IDENTIFIER = jp.supership.InterstitialAdsObjC;
				PRODUCT_NAME = "$(TARGET_NAME)";
				TARGETED_DEVICE_FAMILY = "1,2";
			};
			name = Release;
		};
/* End XCBuildConfiguration section */

/* Begin XCConfigurationList section */
		B02FCC221F73C41900D7C310 /* Build configuration list for PBXProject "ADGSample" */ = {
			isa = XCConfigurationList;
			buildConfigurations = (
				B02FCC371F73C41900D7C310 /* Debug */,
				B02FCC381F73C41900D7C310 /* Release */,
			);
			defaultConfigurationIsVisible = 0;
			defaultConfigurationName = Release;
		};
		B02FCC771F73C4AA00D7C310 /* Build configuration list for PBXNativeTarget "BannerAdsSwift" */ = {
			isa = XCConfigurationList;
			buildConfigurations = (
				B02FCC781F73C4AA00D7C310 /* Debug */,
				B02FCC791F73C4AA00D7C310 /* Release */,
			);
			defaultConfigurationIsVisible = 0;
			defaultConfigurationName = Release;
		};
		B02FCC911F73C50000D7C310 /* Build configuration list for PBXNativeTarget "BannerAdsObjC" */ = {
			isa = XCConfigurationList;
			buildConfigurations = (
				B02FCC921F73C50000D7C310 /* Debug */,
				B02FCC931F73C50000D7C310 /* Release */,
			);
			defaultConfigurationIsVisible = 0;
			defaultConfigurationName = Release;
		};
		B02FCCC21F73CBDE00D7C310 /* Build configuration list for PBXNativeTarget "InterstitialAdsSwift" */ = {
			isa = XCConfigurationList;
			buildConfigurations = (
				B02FCCC31F73CBDE00D7C310 /* Debug */,
				B02FCCC41F73CBDE00D7C310 /* Release */,
			);
			defaultConfigurationIsVisible = 0;
			defaultConfigurationName = Release;
		};
		B02FCCDC1F73CBF200D7C310 /* Build configuration list for PBXNativeTarget "NativeAdsObjC" */ = {
			isa = XCConfigurationList;
			buildConfigurations = (
				B02FCCDD1F73CBF200D7C310 /* Debug */,
				B02FCCDE1F73CBF200D7C310 /* Release */,
			);
			defaultConfigurationIsVisible = 0;
			defaultConfigurationName = Release;
		};
		B02FCCF21F73CC0600D7C310 /* Build configuration list for PBXNativeTarget "NativeAdsSwift" */ = {
			isa = XCConfigurationList;
			buildConfigurations = (
				B02FCCF31F73CC0600D7C310 /* Debug */,
				B02FCCF41F73CC0600D7C310 /* Release */,
			);
			defaultConfigurationIsVisible = 0;
			defaultConfigurationName = Release;
		};
		B0EE737C1F74F87B00D9A52E /* Build configuration list for PBXNativeTarget "InterstitialAdsObjC" */ = {
			isa = XCConfigurationList;
			buildConfigurations = (
				B0EE737D1F74F87B00D9A52E /* Debug */,
				B0EE737E1F74F87B00D9A52E /* Release */,
			);
			defaultConfigurationIsVisible = 0;
			defaultConfigurationName = Release;
		};
/* End XCConfigurationList section */
	};
	rootObject = B02FCC1F1F73C41900D7C310 /* Project object */;
}
